
Microsoft Visual Studio Solution File, Format Version 12.00
# Visual Studio 15
VisualStudioVersion = 15.0.28307.1145
MinimumVisualStudioVersion = 10.0.40219.1
Project("{2150E333-8FDC-42A3-9474-1A3956D46DE8}") = "01.基础组件", "01.基础组件", "{B08A46E0-919B-4D9C-8A02-44739A86D95A}"
EndProject
Project("{FAE04EC0-301F-11D3-BF4B-00C04F79EFBC}") = "Mediinfo.Enterprise", "01.基础组件\Mediinfo.Enterprise\Mediinfo.Enterprise.csproj", "{D207FDA6-9F22-4A8A-96BE-291898ABDB1A}"
EndProject
Project("{FAE04EC0-301F-11D3-BF4B-00C04F79EFBC}") = "Mediinfo.HIS.Core", "01.基础组件\Mediinfo.HIS.Core\Mediinfo.HIS.Core.csproj", "{06719DEF-5D99-4628-B35B-AE25C0BEE420}"
EndProject
Project("{FAE04EC0-301F-11D3-BF4B-00C04F79EFBC}") = "Mediinfo.Utility", "01.基础组件\Mediinfo.Utility\Mediinfo.Utility.csproj", "{AA047347-0EA2-4584-817E-290F32278063}"
EndProject
Project("{2150E333-8FDC-42A3-9474-1A3956D46DE8}") = "03.服务层", "03.服务层", "{E4EB8AD4-EB76-4B12-A899-228E5887DB13}"
EndProject
Project("{2150E333-8FDC-42A3-9474-1A3956D46DE8}") = "00.Core", "00.Core", "{DA5EA236-D253-4373-A9E7-5DA788ECD2A4}"
EndProject
Project("{2150E333-8FDC-42A3-9474-1A3956D46DE8}") = "05.ServiceHost", "05.ServiceHost", "{27E80A50-B96E-4872-A433-33B5DF298F12}"
EndProject
Project("{FAE04EC0-301F-11D3-BF4B-00C04F79EFBC}") = "Mediinfo.APIGateway.Core", "03.服务层\00.Core\Mediinfo.APIGateway.Core\Mediinfo.APIGateway.Core.csproj", "{3D1BDD10-5FA5-4F4B-B3BB-DD8310369CC0}"
EndProject
Project("{FAE04EC0-301F-11D3-BF4B-00C04F79EFBC}") = "Mediinfo.Infrastructure.Core", "03.服务层\00.Core\Mediinfo.Infrastructure.Core\Mediinfo.Infrastructure.Core.csproj", "{1E3DA3EF-FCF8-4392-9B9E-0FBB2CAB8550}"
EndProject
Project("{FAE04EC0-301F-11D3-BF4B-00C04F79EFBC}") = "Mediinfo.Infrastructure.Oracle.Core", "03.服务层\00.Core\Mediinfo.Infrastructure.Oracle.Core\Mediinfo.Infrastructure.Oracle.Core.csproj", "{0E52DB8C-AFDA-4A2C-BBE8-25AD069867D2}"
EndProject
Project("{2150E333-8FDC-42A3-9474-1A3956D46DE8}") = "04.ServiceProxy", "04.ServiceProxy", "{CA6F65E5-6D98-42D6-8447-5DC284D7BA49}"
EndProject
Project("{2150E333-8FDC-42A3-9474-1A3956D46DE8}") = "05.界面层", "05.界面层", "{96A23843-9E56-42CB-A360-6966C7126B48}"
EndProject
Project("{2150E333-8FDC-42A3-9474-1A3956D46DE8}") = "00.公用组件", "00.公用组件", "{99F3696A-D102-4D1F-9677-1CE95CA4B602}"
EndProject
Project("{2150E333-8FDC-42A3-9474-1A3956D46DE8}") = "01.一级组件", "01.一级组件", "{7A3897D9-2B75-405E-AF99-C0F74FB940A4}"
EndProject
Project("{2150E333-8FDC-42A3-9474-1A3956D46DE8}") = "02.二级组件", "02.二级组件", "{84AEAB7F-41E1-4E51-973D-251BCD6AE209}"
EndProject
Project("{FAE04EC0-301F-11D3-BF4B-00C04F79EFBC}") = "Mediinfo.ServiceProxy.Core", "04.ServiceProxy\Mediinfo.ServiceProxy.Core\Mediinfo.ServiceProxy.Core.csproj", "{4F7EEA75-54A8-4C5A-BF23-AA63C202A69B}"
EndProject
Project("{FAE04EC0-301F-11D3-BF4B-00C04F79EFBC}") = "Mediinfo.WinForm", "05.界面层\00.公用组件\01.一级公用\Mediinfo.WinForm\Mediinfo.WinForm.csproj", "{F3D971F2-5DDF-4336-86B9-463EB826E1FC}"
EndProject
Project("{2150E333-8FDC-42A3-9474-1A3956D46DE8}") = "02.DTO", "02.DTO", "{3203FB73-5B23-4D29-9337-588F1A9530AA}"
EndProject
Project("{FAE04EC0-301F-11D3-BF4B-00C04F79EFBC}") = "Mediinfo.DTO.Core", "02.DTO\Mediinfo.DTO.Core\Mediinfo.DTO.Core.csproj", "{F6BA3E59-17EA-4B55-95D5-02487E6797F2}"
EndProject
Project("{2150E333-8FDC-42A3-9474-1A3956D46DE8}") = "01.Infrastructure", "01.Infrastructure", "{AA05FFC1-FC12-490A-B7BF-5FD5C73D0F02}"
EndProject
Project("{2150E333-8FDC-42A3-9474-1A3956D46DE8}") = "02.Domain", "02.Domain", "{139BB9FD-A06F-42F4-AADF-0975B5CB6487}"
EndProject
Project("{FAE04EC0-301F-11D3-BF4B-00C04F79EFBC}") = "Mediinfo.WinForm.HIS.Update", "05.界面层\00.公用组件\02.二级公用\Mediinfo.WinForm.HIS.Update\Mediinfo.WinForm.HIS.Update.csproj", "{0148A6D2-BC3A-4E1C-955C-0EBD9A5C27EF}"
EndProject
Project("{FAE04EC0-301F-11D3-BF4B-00C04F79EFBC}") = "Mediinfo.Cloud.Service.DevHost.Starter", "03.服务层\05.ServiceHost\Mediinfo.Cloud.Service.DevHost.Starter\Mediinfo.Cloud.Service.DevHost.Starter.csproj", "{D28D4E1C-E44E-4F44-BA9F-0B541EB22673}"
EndProject
Project("{FAE04EC0-301F-11D3-BF4B-00C04F79EFBC}") = "Mediinfo.Cloud.Service.SelfHost.Starter", "03.服务层\05.ServiceHost\Mediinfo.Cloud.Service.SelfHost.Starter\Mediinfo.Cloud.Service.SelfHost.Starter.csproj", "{85B452CC-7960-4021-AA1F-CFADDCBF7D27}"
EndProject
Project("{FAE04EC0-301F-11D3-BF4B-00C04F79EFBC}") = "Mediinfo.Infrastructure.JCJG", "03.服务层\01.Infrastructure\Mediinfo.Infrastructure.JCJG\Mediinfo.Infrastructure.JCJG.csproj", "{C90F9213-25E9-42A1-AFCA-D52FD449C86E}"
EndProject
Project("{FAE04EC0-301F-11D3-BF4B-00C04F79EFBC}") = "Mediinfo.WinForm.HIS.Core", "05.界面层\00.公用组件\02.二级公用\Mediinfo.WinForm.HIS.Core\Mediinfo.WinForm.HIS.Core.csproj", "{4281C850-7C68-4F0B-B250-F10FD6BF3D5D}"
EndProject
Project("{FAE04EC0-301F-11D3-BF4B-00C04F79EFBC}") = "Mediinfo.WinForm.HIS.Controls", "05.界面层\00.公用组件\02.二级公用\Mediinfo.WinForm.HIS.Controls\Mediinfo.WinForm.HIS.Controls.csproj", "{90D86B4A-1E21-4936-A5BB-0ACD4014A48A}"
EndProject
Project("{2150E333-8FDC-42A3-9474-1A3956D46DE8}") = "04.ApplicationService", "04.ApplicationService", "{2B2DBD92-8C25-460A-88CA-388233886353}"
EndProject
Project("{2150E333-8FDC-42A3-9474-1A3956D46DE8}") = "03.DomainService", "03.DomainService", "{81A9BD9E-694A-44E0-80F7-B00D0CAB682D}"
EndProject
Project("{2150E333-8FDC-42A3-9474-1A3956D46DE8}") = "00.公用", "00.公用", "{6CFEC350-7DC2-4058-A1D1-21D2ECAEDBE7}"
EndProject
Project("{FAE04EC0-301F-11D3-BF4B-00C04F79EFBC}") = "Mediinfo.Domain.JCJG.GY", "03.服务层\02.Domain\Mediinfo.Domain.JCJG.GY\Mediinfo.Domain.JCJG.GY.csproj", "{57DAB894-0D9B-4298-BA9F-92545A0F9570}"
EndProject
Project("{FAE04EC0-301F-11D3-BF4B-00C04F79EFBC}") = "Mediinfo.Domain.JCJG.XT", "03.服务层\02.Domain\Mediinfo.Domain.JCJG.XT\Mediinfo.Domain.JCJG.XT.csproj", "{4AAE0AB2-1FAC-4DCA-B08A-F056AD065738}"
EndProject
Project("{FAE04EC0-301F-11D3-BF4B-00C04F79EFBC}") = "Mediinfo.Infrastructure.JCJG.GY", "03.服务层\01.Infrastructure\Mediinfo.Infrastructure.JCJG.GY\Mediinfo.Infrastructure.JCJG.GY.csproj", "{7A5F5593-6FF1-444C-9F69-3E5D800CE0A6}"
EndProject
Project("{FAE04EC0-301F-11D3-BF4B-00C04F79EFBC}") = "Mediinfo.Infrastructure.JCJG.XT", "03.服务层\01.Infrastructure\Mediinfo.Infrastructure.JCJG.XT\Mediinfo.Infrastructure.JCJG.XT.csproj", "{75626FE1-36A6-411F-B3C1-3DDFC69004EE}"
EndProject
Project("{FAE04EC0-301F-11D3-BF4B-00C04F79EFBC}") = "Mediinfo.DomainService.JCJG.GY", "03.服务层\03.DomainService\Mediinfo.DomainService.JCJG.GY\Mediinfo.DomainService.JCJG.GY.csproj", "{5D782156-44BD-4D4F-831D-4463C3C4EEEC}"
EndProject
Project("{FAE04EC0-301F-11D3-BF4B-00C04F79EFBC}") = "Mediinfo.Service.JCJG.GongYong", "03.服务层\04.ApplicationService\00.公用\Mediinfo.Service.JCJG.GongYong\Mediinfo.Service.JCJG.GongYong.csproj", "{08500D7D-6B62-406A-A1A2-A470343219B3}"
EndProject
Project("{FAE04EC0-301F-11D3-BF4B-00C04F79EFBC}") = "Mediinfo.ServiceProxy.JCJG.GongYong", "04.ServiceProxy\Mediinfo.ServiceProxy.JCJG.GongYong\Mediinfo.ServiceProxy.JCJG.GongYong.csproj", "{F21BF8B6-A8D2-4AFE-8946-66D01B854AF7}"
EndProject
Project("{FAE04EC0-301F-11D3-BF4B-00C04F79EFBC}") = "Mediinfo.WinForm.HIS.Main", "05.界面层\00.公用组件\02.二级公用\Mediinfo.WinForm.HIS.Main\Mediinfo.WinForm.HIS.Main.csproj", "{56300FBE-68D5-4C20-83B6-A4A1CE407E95}"
EndProject
Project("{FAE04EC0-301F-11D3-BF4B-00C04F79EFBC}") = "Mediinfo.Cloud.ServiceManifest.JCJG", "03.服务层\05.ServiceHost\Mediinfo.Cloud.ServiceManifest.JCJG\Mediinfo.Cloud.ServiceManifest.JCJG.csproj", "{1EA804EA-0225-46B4-AD1B-E56CB5E69055}"
EndProject
Project("{FAE04EC0-301F-11D3-BF4B-00C04F79EFBC}") = "Mediinfo.Infrastructure.JCJG.ZJ", "03.服务层\01.Infrastructure\Mediinfo.Infrastructure.JCJG.ZJ\Mediinfo.Infrastructure.JCJG.ZJ.csproj", "{54CF43CF-D8F4-46DD-8D88-DB501A729FF7}"
EndProject
Project("{FAE04EC0-301F-11D3-BF4B-00C04F79EFBC}") = "Mediinfo.Infrastructure.JCJG.ZY", "03.服务层\01.Infrastructure\Mediinfo.Infrastructure.JCJG.ZY\Mediinfo.Infrastructure.JCJG.ZY.csproj", "{9461BE6D-19AE-4333-AF5C-FA04959EDE14}"
EndProject
Project("{FAE04EC0-301F-11D3-BF4B-00C04F79EFBC}") = "Mediinfo.Domain.JCJG.ZJ", "03.服务层\02.Domain\Mediinfo.Domain.JCJG.ZJ\Mediinfo.Domain.JCJG.ZJ.csproj", "{72ABDBEF-333F-479B-9806-EC1302B70379}"
EndProject
Project("{FAE04EC0-301F-11D3-BF4B-00C04F79EFBC}") = "Mediinfo.Domain.JCJG.ZY", "03.服务层\02.Domain\Mediinfo.Domain.JCJG.ZY\Mediinfo.Domain.JCJG.ZY.csproj", "{A4622141-DEE9-43C2-9520-6DB548C92DC8}"
EndProject
Project("{FAE04EC0-301F-11D3-BF4B-00C04F79EFBC}") = "Mediinfo.Resources", "01.基础组件\Mediinfo.Resources\Mediinfo.Resources.csproj", "{ACB52FD6-C4FD-4D2A-846E-2B1CB750AA05}"
EndProject
Project("{FAE04EC0-301F-11D3-BF4B-00C04F79EFBC}") = "Mediinfo.Miniblink", "05.界面层\00.公用组件\01.一级公用\Mediinfo.Miniblink\Mediinfo.Miniblink.csproj", "{B20B797D-67FA-4A46-945E-59390D6C0A36}"
EndProject
Global
	GlobalSection(SolutionConfigurationPlatforms) = preSolution
		CodeAnalysis|Any CPU = CodeAnalysis|Any CPU
		CodeAnalysis|x86 = CodeAnalysis|x86
		Debug|Any CPU = Debug|Any CPU
		Debug|x86 = Debug|x86
		DebugNet40|Any CPU = DebugNet40|Any CPU
		DebugNet40|x86 = DebugNet40|x86
		Release|Any CPU = Release|Any CPU
		Release|x86 = Release|x86
		ReleaseNet40|Any CPU = ReleaseNet40|Any CPU
		ReleaseNet40|x86 = ReleaseNet40|x86
	EndGlobalSection
	GlobalSection(ProjectConfigurationPlatforms) = postSolution
		{D207FDA6-9F22-4A8A-96BE-291898ABDB1A}.CodeAnalysis|Any CPU.ActiveCfg = Release|Any CPU
		{D207FDA6-9F22-4A8A-96BE-291898ABDB1A}.CodeAnalysis|Any CPU.Build.0 = Release|Any CPU
		{D207FDA6-9F22-4A8A-96BE-291898ABDB1A}.CodeAnalysis|x86.ActiveCfg = Release|Any CPU
		{D207FDA6-9F22-4A8A-96BE-291898ABDB1A}.CodeAnalysis|x86.Build.0 = Release|Any CPU
		{D207FDA6-9F22-4A8A-96BE-291898ABDB1A}.Debug|Any CPU.ActiveCfg = Debug|Any CPU
		{D207FDA6-9F22-4A8A-96BE-291898ABDB1A}.Debug|Any CPU.Build.0 = Debug|Any CPU
		{D207FDA6-9F22-4A8A-96BE-291898ABDB1A}.Debug|x86.ActiveCfg = Debug|Any CPU
		{D207FDA6-9F22-4A8A-96BE-291898ABDB1A}.Debug|x86.Build.0 = Debug|Any CPU
		{D207FDA6-9F22-4A8A-96BE-291898ABDB1A}.DebugNet40|Any CPU.ActiveCfg = Debug|Any CPU
		{D207FDA6-9F22-4A8A-96BE-291898ABDB1A}.DebugNet40|Any CPU.Build.0 = Debug|Any CPU
		{D207FDA6-9F22-4A8A-96BE-291898ABDB1A}.DebugNet40|x86.ActiveCfg = Debug|Any CPU
		{D207FDA6-9F22-4A8A-96BE-291898ABDB1A}.DebugNet40|x86.Build.0 = Debug|Any CPU
		{D207FDA6-9F22-4A8A-96BE-291898ABDB1A}.Release|Any CPU.ActiveCfg = Release|Any CPU
		{D207FDA6-9F22-4A8A-96BE-291898ABDB1A}.Release|Any CPU.Build.0 = Release|Any CPU
		{D207FDA6-9F22-4A8A-96BE-291898ABDB1A}.Release|x86.ActiveCfg = Release|Any CPU
		{D207FDA6-9F22-4A8A-96BE-291898ABDB1A}.Release|x86.Build.0 = Release|Any CPU
		{D207FDA6-9F22-4A8A-96BE-291898ABDB1A}.ReleaseNet40|Any CPU.ActiveCfg = Release|Any CPU
		{D207FDA6-9F22-4A8A-96BE-291898ABDB1A}.ReleaseNet40|Any CPU.Build.0 = Release|Any CPU
		{D207FDA6-9F22-4A8A-96BE-291898ABDB1A}.ReleaseNet40|x86.ActiveCfg = Release|Any CPU
		{D207FDA6-9F22-4A8A-96BE-291898ABDB1A}.ReleaseNet40|x86.Build.0 = Release|Any CPU
		{06719DEF-5D99-4628-B35B-AE25C0BEE420}.CodeAnalysis|Any CPU.ActiveCfg = Release|Any CPU
		{06719DEF-5D99-4628-B35B-AE25C0BEE420}.CodeAnalysis|Any CPU.Build.0 = Release|Any CPU
		{06719DEF-5D99-4628-B35B-AE25C0BEE420}.CodeAnalysis|x86.ActiveCfg = Release|Any CPU
		{06719DEF-5D99-4628-B35B-AE25C0BEE420}.CodeAnalysis|x86.Build.0 = Release|Any CPU
		{06719DEF-5D99-4628-B35B-AE25C0BEE420}.Debug|Any CPU.ActiveCfg = Debug|Any CPU
		{06719DEF-5D99-4628-B35B-AE25C0BEE420}.Debug|Any CPU.Build.0 = Debug|Any CPU
		{06719DEF-5D99-4628-B35B-AE25C0BEE420}.Debug|x86.ActiveCfg = Debug|Any CPU
		{06719DEF-5D99-4628-B35B-AE25C0BEE420}.Debug|x86.Build.0 = Debug|Any CPU
		{06719DEF-5D99-4628-B35B-AE25C0BEE420}.DebugNet40|Any CPU.ActiveCfg = Debug|Any CPU
		{06719DEF-5D99-4628-B35B-AE25C0BEE420}.DebugNet40|Any CPU.Build.0 = Debug|Any CPU
		{06719DEF-5D99-4628-B35B-AE25C0BEE420}.DebugNet40|x86.ActiveCfg = Debug|Any CPU
		{06719DEF-5D99-4628-B35B-AE25C0BEE420}.DebugNet40|x86.Build.0 = Debug|Any CPU
		{06719DEF-5D99-4628-B35B-AE25C0BEE420}.Release|Any CPU.ActiveCfg = Release|Any CPU
		{06719DEF-5D99-4628-B35B-AE25C0BEE420}.Release|Any CPU.Build.0 = Release|Any CPU
		{06719DEF-5D99-4628-B35B-AE25C0BEE420}.Release|x86.ActiveCfg = Release|Any CPU
		{06719DEF-5D99-4628-B35B-AE25C0BEE420}.Release|x86.Build.0 = Release|Any CPU
		{06719DEF-5D99-4628-B35B-AE25C0BEE420}.ReleaseNet40|Any CPU.ActiveCfg = Release|Any CPU
		{06719DEF-5D99-4628-B35B-AE25C0BEE420}.ReleaseNet40|Any CPU.Build.0 = Release|Any CPU
		{06719DEF-5D99-4628-B35B-AE25C0BEE420}.ReleaseNet40|x86.ActiveCfg = Release|Any CPU
		{06719DEF-5D99-4628-B35B-AE25C0BEE420}.ReleaseNet40|x86.Build.0 = Release|Any CPU
		{AA047347-0EA2-4584-817E-290F32278063}.CodeAnalysis|Any CPU.ActiveCfg = Release|Any CPU
		{AA047347-0EA2-4584-817E-290F32278063}.CodeAnalysis|Any CPU.Build.0 = Release|Any CPU
		{AA047347-0EA2-4584-817E-290F32278063}.CodeAnalysis|x86.ActiveCfg = Release|Any CPU
		{AA047347-0EA2-4584-817E-290F32278063}.CodeAnalysis|x86.Build.0 = Release|Any CPU
		{AA047347-0EA2-4584-817E-290F32278063}.Debug|Any CPU.ActiveCfg = Debug|Any CPU
		{AA047347-0EA2-4584-817E-290F32278063}.Debug|Any CPU.Build.0 = Debug|Any CPU
		{AA047347-0EA2-4584-817E-290F32278063}.Debug|x86.ActiveCfg = Debug|Any CPU
		{AA047347-0EA2-4584-817E-290F32278063}.Debug|x86.Build.0 = Debug|Any CPU
		{AA047347-0EA2-4584-817E-290F32278063}.DebugNet40|Any CPU.ActiveCfg = Debug|Any CPU
		{AA047347-0EA2-4584-817E-290F32278063}.DebugNet40|Any CPU.Build.0 = Debug|Any CPU
		{AA047347-0EA2-4584-817E-290F32278063}.DebugNet40|x86.ActiveCfg = Debug|Any CPU
		{AA047347-0EA2-4584-817E-290F32278063}.DebugNet40|x86.Build.0 = Debug|Any CPU
		{AA047347-0EA2-4584-817E-290F32278063}.Release|Any CPU.ActiveCfg = Release|Any CPU
		{AA047347-0EA2-4584-817E-290F32278063}.Release|Any CPU.Build.0 = Release|Any CPU
		{AA047347-0EA2-4584-817E-290F32278063}.Release|x86.ActiveCfg = Release|Any CPU
		{AA047347-0EA2-4584-817E-290F32278063}.Release|x86.Build.0 = Release|Any CPU
		{AA047347-0EA2-4584-817E-290F32278063}.ReleaseNet40|Any CPU.ActiveCfg = Release|Any CPU
		{AA047347-0EA2-4584-817E-290F32278063}.ReleaseNet40|Any CPU.Build.0 = Release|Any CPU
		{AA047347-0EA2-4584-817E-290F32278063}.ReleaseNet40|x86.ActiveCfg = Release|Any CPU
		{AA047347-0EA2-4584-817E-290F32278063}.ReleaseNet40|x86.Build.0 = Release|Any CPU
		{3D1BDD10-5FA5-4F4B-B3BB-DD8310369CC0}.CodeAnalysis|Any CPU.ActiveCfg = Release|Any CPU
		{3D1BDD10-5FA5-4F4B-B3BB-DD8310369CC0}.CodeAnalysis|Any CPU.Build.0 = Release|Any CPU
		{3D1BDD10-5FA5-4F4B-B3BB-DD8310369CC0}.CodeAnalysis|x86.ActiveCfg = Release|Any CPU
		{3D1BDD10-5FA5-4F4B-B3BB-DD8310369CC0}.CodeAnalysis|x86.Build.0 = Release|Any CPU
		{3D1BDD10-5FA5-4F4B-B3BB-DD8310369CC0}.Debug|Any CPU.ActiveCfg = Debug|Any CPU
		{3D1BDD10-5FA5-4F4B-B3BB-DD8310369CC0}.Debug|Any CPU.Build.0 = Debug|Any CPU
		{3D1BDD10-5FA5-4F4B-B3BB-DD8310369CC0}.Debug|x86.ActiveCfg = Debug|Any CPU
		{3D1BDD10-5FA5-4F4B-B3BB-DD8310369CC0}.Debug|x86.Build.0 = Debug|Any CPU
		{3D1BDD10-5FA5-4F4B-B3BB-DD8310369CC0}.DebugNet40|Any CPU.ActiveCfg = Debug|Any CPU
		{3D1BDD10-5FA5-4F4B-B3BB-DD8310369CC0}.DebugNet40|Any CPU.Build.0 = Debug|Any CPU
		{3D1BDD10-5FA5-4F4B-B3BB-DD8310369CC0}.DebugNet40|x86.ActiveCfg = Debug|Any CPU
		{3D1BDD10-5FA5-4F4B-B3BB-DD8310369CC0}.DebugNet40|x86.Build.0 = Debug|Any CPU
		{3D1BDD10-5FA5-4F4B-B3BB-DD8310369CC0}.Release|Any CPU.ActiveCfg = Release|Any CPU
		{3D1BDD10-5FA5-4F4B-B3BB-DD8310369CC0}.Release|Any CPU.Build.0 = Release|Any CPU
		{3D1BDD10-5FA5-4F4B-B3BB-DD8310369CC0}.Release|x86.ActiveCfg = Release|Any CPU
		{3D1BDD10-5FA5-4F4B-B3BB-DD8310369CC0}.Release|x86.Build.0 = Release|Any CPU
		{3D1BDD10-5FA5-4F4B-B3BB-DD8310369CC0}.ReleaseNet40|Any CPU.ActiveCfg = Release|Any CPU
		{3D1BDD10-5FA5-4F4B-B3BB-DD8310369CC0}.ReleaseNet40|Any CPU.Build.0 = Release|Any CPU
		{3D1BDD10-5FA5-4F4B-B3BB-DD8310369CC0}.ReleaseNet40|x86.ActiveCfg = Release|Any CPU
		{3D1BDD10-5FA5-4F4B-B3BB-DD8310369CC0}.ReleaseNet40|x86.Build.0 = Release|Any CPU
		{1E3DA3EF-FCF8-4392-9B9E-0FBB2CAB8550}.CodeAnalysis|Any CPU.ActiveCfg = Release|Any CPU
		{1E3DA3EF-FCF8-4392-9B9E-0FBB2CAB8550}.CodeAnalysis|Any CPU.Build.0 = Release|Any CPU
		{1E3DA3EF-FCF8-4392-9B9E-0FBB2CAB8550}.CodeAnalysis|x86.ActiveCfg = Release|Any CPU
		{1E3DA3EF-FCF8-4392-9B9E-0FBB2CAB8550}.CodeAnalysis|x86.Build.0 = Release|Any CPU
		{1E3DA3EF-FCF8-4392-9B9E-0FBB2CAB8550}.Debug|Any CPU.ActiveCfg = Debug|Any CPU
		{1E3DA3EF-FCF8-4392-9B9E-0FBB2CAB8550}.Debug|Any CPU.Build.0 = Debug|Any CPU
		{1E3DA3EF-FCF8-4392-9B9E-0FBB2CAB8550}.Debug|x86.ActiveCfg = Debug|Any CPU
		{1E3DA3EF-FCF8-4392-9B9E-0FBB2CAB8550}.Debug|x86.Build.0 = Debug|Any CPU
		{1E3DA3EF-FCF8-4392-9B9E-0FBB2CAB8550}.DebugNet40|Any CPU.ActiveCfg = Debug|Any CPU
		{1E3DA3EF-FCF8-4392-9B9E-0FBB2CAB8550}.DebugNet40|Any CPU.Build.0 = Debug|Any CPU
		{1E3DA3EF-FCF8-4392-9B9E-0FBB2CAB8550}.DebugNet40|x86.ActiveCfg = Debug|Any CPU
		{1E3DA3EF-FCF8-4392-9B9E-0FBB2CAB8550}.DebugNet40|x86.Build.0 = Debug|Any CPU
		{1E3DA3EF-FCF8-4392-9B9E-0FBB2CAB8550}.Release|Any CPU.ActiveCfg = Release|Any CPU
		{1E3DA3EF-FCF8-4392-9B9E-0FBB2CAB8550}.Release|Any CPU.Build.0 = Release|Any CPU
		{1E3DA3EF-FCF8-4392-9B9E-0FBB2CAB8550}.Release|x86.ActiveCfg = Release|Any CPU
		{1E3DA3EF-FCF8-4392-9B9E-0FBB2CAB8550}.Release|x86.Build.0 = Release|Any CPU
		{1E3DA3EF-FCF8-4392-9B9E-0FBB2CAB8550}.ReleaseNet40|Any CPU.ActiveCfg = Release|Any CPU
		{1E3DA3EF-FCF8-4392-9B9E-0FBB2CAB8550}.ReleaseNet40|Any CPU.Build.0 = Release|Any CPU
		{1E3DA3EF-FCF8-4392-9B9E-0FBB2CAB8550}.ReleaseNet40|x86.ActiveCfg = Release|Any CPU
		{1E3DA3EF-FCF8-4392-9B9E-0FBB2CAB8550}.ReleaseNet40|x86.Build.0 = Release|Any CPU
		{0E52DB8C-AFDA-4A2C-BBE8-25AD069867D2}.CodeAnalysis|Any CPU.ActiveCfg = Release|Any CPU
		{0E52DB8C-AFDA-4A2C-BBE8-25AD069867D2}.CodeAnalysis|Any CPU.Build.0 = Release|Any CPU
		{0E52DB8C-AFDA-4A2C-BBE8-25AD069867D2}.CodeAnalysis|x86.ActiveCfg = Release|Any CPU
		{0E52DB8C-AFDA-4A2C-BBE8-25AD069867D2}.CodeAnalysis|x86.Build.0 = Release|Any CPU
		{0E52DB8C-AFDA-4A2C-BBE8-25AD069867D2}.Debug|Any CPU.ActiveCfg = Debug|Any CPU
		{0E52DB8C-AFDA-4A2C-BBE8-25AD069867D2}.Debug|Any CPU.Build.0 = Debug|Any CPU
		{0E52DB8C-AFDA-4A2C-BBE8-25AD069867D2}.Debug|x86.ActiveCfg = Debug|Any CPU
		{0E52DB8C-AFDA-4A2C-BBE8-25AD069867D2}.Debug|x86.Build.0 = Debug|Any CPU
		{0E52DB8C-AFDA-4A2C-BBE8-25AD069867D2}.DebugNet40|Any CPU.ActiveCfg = Debug|Any CPU
		{0E52DB8C-AFDA-4A2C-BBE8-25AD069867D2}.DebugNet40|Any CPU.Build.0 = Debug|Any CPU
		{0E52DB8C-AFDA-4A2C-BBE8-25AD069867D2}.DebugNet40|x86.ActiveCfg = Debug|Any CPU
		{0E52DB8C-AFDA-4A2C-BBE8-25AD069867D2}.DebugNet40|x86.Build.0 = Debug|Any CPU
		{0E52DB8C-AFDA-4A2C-BBE8-25AD069867D2}.Release|Any CPU.ActiveCfg = Release|Any CPU
		{0E52DB8C-AFDA-4A2C-BBE8-25AD069867D2}.Release|Any CPU.Build.0 = Release|Any CPU
		{0E52DB8C-AFDA-4A2C-BBE8-25AD069867D2}.Release|x86.ActiveCfg = Release|Any CPU
		{0E52DB8C-AFDA-4A2C-BBE8-25AD069867D2}.Release|x86.Build.0 = Release|Any CPU
		{0E52DB8C-AFDA-4A2C-BBE8-25AD069867D2}.ReleaseNet40|Any CPU.ActiveCfg = Release|Any CPU
		{0E52DB8C-AFDA-4A2C-BBE8-25AD069867D2}.ReleaseNet40|Any CPU.Build.0 = Release|Any CPU
		{0E52DB8C-AFDA-4A2C-BBE8-25AD069867D2}.ReleaseNet40|x86.ActiveCfg = Release|Any CPU
		{0E52DB8C-AFDA-4A2C-BBE8-25AD069867D2}.ReleaseNet40|x86.Build.0 = Release|Any CPU
		{4F7EEA75-54A8-4C5A-BF23-AA63C202A69B}.CodeAnalysis|Any CPU.ActiveCfg = Release|Any CPU
		{4F7EEA75-54A8-4C5A-BF23-AA63C202A69B}.CodeAnalysis|Any CPU.Build.0 = Release|Any CPU
		{4F7EEA75-54A8-4C5A-BF23-AA63C202A69B}.CodeAnalysis|x86.ActiveCfg = Release|Any CPU
		{4F7EEA75-54A8-4C5A-BF23-AA63C202A69B}.CodeAnalysis|x86.Build.0 = Release|Any CPU
		{4F7EEA75-54A8-4C5A-BF23-AA63C202A69B}.Debug|Any CPU.ActiveCfg = Debug|Any CPU
		{4F7EEA75-54A8-4C5A-BF23-AA63C202A69B}.Debug|Any CPU.Build.0 = Debug|Any CPU
		{4F7EEA75-54A8-4C5A-BF23-AA63C202A69B}.Debug|x86.ActiveCfg = Debug|Any CPU
		{4F7EEA75-54A8-4C5A-BF23-AA63C202A69B}.Debug|x86.Build.0 = Debug|Any CPU
		{4F7EEA75-54A8-4C5A-BF23-AA63C202A69B}.DebugNet40|Any CPU.ActiveCfg = Debug|Any CPU
		{4F7EEA75-54A8-4C5A-BF23-AA63C202A69B}.DebugNet40|Any CPU.Build.0 = Debug|Any CPU
		{4F7EEA75-54A8-4C5A-BF23-AA63C202A69B}.DebugNet40|x86.ActiveCfg = Debug|Any CPU
		{4F7EEA75-54A8-4C5A-BF23-AA63C202A69B}.DebugNet40|x86.Build.0 = Debug|Any CPU
		{4F7EEA75-54A8-4C5A-BF23-AA63C202A69B}.Release|Any CPU.ActiveCfg = Release|Any CPU
		{4F7EEA75-54A8-4C5A-BF23-AA63C202A69B}.Release|Any CPU.Build.0 = Release|Any CPU
		{4F7EEA75-54A8-4C5A-BF23-AA63C202A69B}.Release|x86.ActiveCfg = Release|Any CPU
		{4F7EEA75-54A8-4C5A-BF23-AA63C202A69B}.Release|x86.Build.0 = Release|Any CPU
		{4F7EEA75-54A8-4C5A-BF23-AA63C202A69B}.ReleaseNet40|Any CPU.ActiveCfg = Release|Any CPU
		{4F7EEA75-54A8-4C5A-BF23-AA63C202A69B}.ReleaseNet40|Any CPU.Build.0 = Release|Any CPU
		{4F7EEA75-54A8-4C5A-BF23-AA63C202A69B}.ReleaseNet40|x86.ActiveCfg = Release|Any CPU
		{4F7EEA75-54A8-4C5A-BF23-AA63C202A69B}.ReleaseNet40|x86.Build.0 = Release|Any CPU
		{F3D971F2-5DDF-4336-86B9-463EB826E1FC}.CodeAnalysis|Any CPU.ActiveCfg = Release|Any CPU
		{F3D971F2-5DDF-4336-86B9-463EB826E1FC}.CodeAnalysis|Any CPU.Build.0 = Release|Any CPU
		{F3D971F2-5DDF-4336-86B9-463EB826E1FC}.CodeAnalysis|x86.ActiveCfg = Release|Any CPU
		{F3D971F2-5DDF-4336-86B9-463EB826E1FC}.CodeAnalysis|x86.Build.0 = Release|Any CPU
		{F3D971F2-5DDF-4336-86B9-463EB826E1FC}.Debug|Any CPU.ActiveCfg = Debug|Any CPU
		{F3D971F2-5DDF-4336-86B9-463EB826E1FC}.Debug|Any CPU.Build.0 = Debug|Any CPU
		{F3D971F2-5DDF-4336-86B9-463EB826E1FC}.Debug|x86.ActiveCfg = Debug|Any CPU
		{F3D971F2-5DDF-4336-86B9-463EB826E1FC}.Debug|x86.Build.0 = Debug|Any CPU
		{F3D971F2-5DDF-4336-86B9-463EB826E1FC}.DebugNet40|Any CPU.ActiveCfg = Debug|Any CPU
		{F3D971F2-5DDF-4336-86B9-463EB826E1FC}.DebugNet40|Any CPU.Build.0 = Debug|Any CPU
		{F3D971F2-5DDF-4336-86B9-463EB826E1FC}.DebugNet40|x86.ActiveCfg = Debug|Any CPU
		{F3D971F2-5DDF-4336-86B9-463EB826E1FC}.DebugNet40|x86.Build.0 = Debug|Any CPU
		{F3D971F2-5DDF-4336-86B9-463EB826E1FC}.Release|Any CPU.ActiveCfg = Release|Any CPU
		{F3D971F2-5DDF-4336-86B9-463EB826E1FC}.Release|Any CPU.Build.0 = Release|Any CPU
		{F3D971F2-5DDF-4336-86B9-463EB826E1FC}.Release|x86.ActiveCfg = Release|Any CPU
		{F3D971F2-5DDF-4336-86B9-463EB826E1FC}.Release|x86.Build.0 = Release|Any CPU
		{F3D971F2-5DDF-4336-86B9-463EB826E1FC}.ReleaseNet40|Any CPU.ActiveCfg = Release|Any CPU
		{F3D971F2-5DDF-4336-86B9-463EB826E1FC}.ReleaseNet40|Any CPU.Build.0 = Release|Any CPU
		{F3D971F2-5DDF-4336-86B9-463EB826E1FC}.ReleaseNet40|x86.ActiveCfg = Release|Any CPU
		{F3D971F2-5DDF-4336-86B9-463EB826E1FC}.ReleaseNet40|x86.Build.0 = Release|Any CPU
		{F6BA3E59-17EA-4B55-95D5-02487E6797F2}.CodeAnalysis|Any CPU.ActiveCfg = Release|Any CPU
		{F6BA3E59-17EA-4B55-95D5-02487E6797F2}.CodeAnalysis|Any CPU.Build.0 = Release|Any CPU
		{F6BA3E59-17EA-4B55-95D5-02487E6797F2}.CodeAnalysis|x86.ActiveCfg = Release|Any CPU
		{F6BA3E59-17EA-4B55-95D5-02487E6797F2}.CodeAnalysis|x86.Build.0 = Release|Any CPU
		{F6BA3E59-17EA-4B55-95D5-02487E6797F2}.Debug|Any CPU.ActiveCfg = Debug|Any CPU
		{F6BA3E59-17EA-4B55-95D5-02487E6797F2}.Debug|Any CPU.Build.0 = Debug|Any CPU
		{F6BA3E59-17EA-4B55-95D5-02487E6797F2}.Debug|x86.ActiveCfg = Debug|Any CPU
		{F6BA3E59-17EA-4B55-95D5-02487E6797F2}.Debug|x86.Build.0 = Debug|Any CPU
		{F6BA3E59-17EA-4B55-95D5-02487E6797F2}.DebugNet40|Any CPU.ActiveCfg = Debug|Any CPU
		{F6BA3E59-17EA-4B55-95D5-02487E6797F2}.DebugNet40|Any CPU.Build.0 = Debug|Any CPU
		{F6BA3E59-17EA-4B55-95D5-02487E6797F2}.DebugNet40|x86.ActiveCfg = Debug|Any CPU
		{F6BA3E59-17EA-4B55-95D5-02487E6797F2}.DebugNet40|x86.Build.0 = Debug|Any CPU
		{F6BA3E59-17EA-4B55-95D5-02487E6797F2}.Release|Any CPU.ActiveCfg = Release|Any CPU
		{F6BA3E59-17EA-4B55-95D5-02487E6797F2}.Release|Any CPU.Build.0 = Release|Any CPU
		{F6BA3E59-17EA-4B55-95D5-02487E6797F2}.Release|x86.ActiveCfg = Release|Any CPU
		{F6BA3E59-17EA-4B55-95D5-02487E6797F2}.Release|x86.Build.0 = Release|Any CPU
		{F6BA3E59-17EA-4B55-95D5-02487E6797F2}.ReleaseNet40|Any CPU.ActiveCfg = Release|Any CPU
		{F6BA3E59-17EA-4B55-95D5-02487E6797F2}.ReleaseNet40|Any CPU.Build.0 = Release|Any CPU
		{F6BA3E59-17EA-4B55-95D5-02487E6797F2}.ReleaseNet40|x86.ActiveCfg = Release|Any CPU
		{F6BA3E59-17EA-4B55-95D5-02487E6797F2}.ReleaseNet40|x86.Build.0 = Release|Any CPU
		{0148A6D2-BC3A-4E1C-955C-0EBD9A5C27EF}.CodeAnalysis|Any CPU.ActiveCfg = Release|Any CPU
		{0148A6D2-BC3A-4E1C-955C-0EBD9A5C27EF}.CodeAnalysis|Any CPU.Build.0 = Release|Any CPU
		{0148A6D2-BC3A-4E1C-955C-0EBD9A5C27EF}.CodeAnalysis|x86.ActiveCfg = Release|Any CPU
		{0148A6D2-BC3A-4E1C-955C-0EBD9A5C27EF}.CodeAnalysis|x86.Build.0 = Release|Any CPU
		{0148A6D2-BC3A-4E1C-955C-0EBD9A5C27EF}.Debug|Any CPU.ActiveCfg = Debug|Any CPU
		{0148A6D2-BC3A-4E1C-955C-0EBD9A5C27EF}.Debug|Any CPU.Build.0 = Debug|Any CPU
		{0148A6D2-BC3A-4E1C-955C-0EBD9A5C27EF}.Debug|x86.ActiveCfg = Debug|Any CPU
		{0148A6D2-BC3A-4E1C-955C-0EBD9A5C27EF}.Debug|x86.Build.0 = Debug|Any CPU
		{0148A6D2-BC3A-4E1C-955C-0EBD9A5C27EF}.DebugNet40|Any CPU.ActiveCfg = Debug|Any CPU
		{0148A6D2-BC3A-4E1C-955C-0EBD9A5C27EF}.DebugNet40|Any CPU.Build.0 = Debug|Any CPU
		{0148A6D2-BC3A-4E1C-955C-0EBD9A5C27EF}.DebugNet40|x86.ActiveCfg = Debug|Any CPU
		{0148A6D2-BC3A-4E1C-955C-0EBD9A5C27EF}.DebugNet40|x86.Build.0 = Debug|Any CPU
		{0148A6D2-BC3A-4E1C-955C-0EBD9A5C27EF}.Release|Any CPU.ActiveCfg = Release|Any CPU
		{0148A6D2-BC3A-4E1C-955C-0EBD9A5C27EF}.Release|Any CPU.Build.0 = Release|Any CPU
		{0148A6D2-BC3A-4E1C-955C-0EBD9A5C27EF}.Release|x86.ActiveCfg = Release|Any CPU
		{0148A6D2-BC3A-4E1C-955C-0EBD9A5C27EF}.Release|x86.Build.0 = Release|Any CPU
		{0148A6D2-BC3A-4E1C-955C-0EBD9A5C27EF}.ReleaseNet40|Any CPU.ActiveCfg = Release|Any CPU
		{0148A6D2-BC3A-4E1C-955C-0EBD9A5C27EF}.ReleaseNet40|Any CPU.Build.0 = Release|Any CPU
		{0148A6D2-BC3A-4E1C-955C-0EBD9A5C27EF}.ReleaseNet40|x86.ActiveCfg = Release|Any CPU
		{0148A6D2-BC3A-4E1C-955C-0EBD9A5C27EF}.ReleaseNet40|x86.Build.0 = Release|Any CPU
		{D28D4E1C-E44E-4F44-BA9F-0B541EB22673}.CodeAnalysis|Any CPU.ActiveCfg = Release|Any CPU
		{D28D4E1C-E44E-4F44-BA9F-0B541EB22673}.CodeAnalysis|Any CPU.Build.0 = Release|Any CPU
		{D28D4E1C-E44E-4F44-BA9F-0B541EB22673}.CodeAnalysis|x86.ActiveCfg = Release|Any CPU
		{D28D4E1C-E44E-4F44-BA9F-0B541EB22673}.CodeAnalysis|x86.Build.0 = Release|Any CPU
		{D28D4E1C-E44E-4F44-BA9F-0B541EB22673}.Debug|Any CPU.ActiveCfg = Debug|Any CPU
		{D28D4E1C-E44E-4F44-BA9F-0B541EB22673}.Debug|Any CPU.Build.0 = Debug|Any CPU
		{D28D4E1C-E44E-4F44-BA9F-0B541EB22673}.Debug|x86.ActiveCfg = Debug|Any CPU
		{D28D4E1C-E44E-4F44-BA9F-0B541EB22673}.Debug|x86.Build.0 = Debug|Any CPU
		{D28D4E1C-E44E-4F44-BA9F-0B541EB22673}.DebugNet40|Any CPU.ActiveCfg = Debug|Any CPU
		{D28D4E1C-E44E-4F44-BA9F-0B541EB22673}.DebugNet40|Any CPU.Build.0 = Debug|Any CPU
		{D28D4E1C-E44E-4F44-BA9F-0B541EB22673}.DebugNet40|x86.ActiveCfg = Debug|Any CPU
		{D28D4E1C-E44E-4F44-BA9F-0B541EB22673}.DebugNet40|x86.Build.0 = Debug|Any CPU
		{D28D4E1C-E44E-4F44-BA9F-0B541EB22673}.Release|Any CPU.ActiveCfg = Release|Any CPU
		{D28D4E1C-E44E-4F44-BA9F-0B541EB22673}.Release|Any CPU.Build.0 = Release|Any CPU
		{D28D4E1C-E44E-4F44-BA9F-0B541EB22673}.Release|x86.ActiveCfg = Release|Any CPU
		{D28D4E1C-E44E-4F44-BA9F-0B541EB22673}.Release|x86.Build.0 = Release|Any CPU
		{D28D4E1C-E44E-4F44-BA9F-0B541EB22673}.ReleaseNet40|Any CPU.ActiveCfg = Release|Any CPU
		{D28D4E1C-E44E-4F44-BA9F-0B541EB22673}.ReleaseNet40|Any CPU.Build.0 = Release|Any CPU
		{D28D4E1C-E44E-4F44-BA9F-0B541EB22673}.ReleaseNet40|x86.ActiveCfg = Release|Any CPU
		{D28D4E1C-E44E-4F44-BA9F-0B541EB22673}.ReleaseNet40|x86.Build.0 = Release|Any CPU
		{85B452CC-7960-4021-AA1F-CFADDCBF7D27}.CodeAnalysis|Any CPU.ActiveCfg = Release|Any CPU
		{85B452CC-7960-4021-AA1F-CFADDCBF7D27}.CodeAnalysis|Any CPU.Build.0 = Release|Any CPU
		{85B452CC-7960-4021-AA1F-CFADDCBF7D27}.CodeAnalysis|x86.ActiveCfg = Release|Any CPU
		{85B452CC-7960-4021-AA1F-CFADDCBF7D27}.CodeAnalysis|x86.Build.0 = Release|Any CPU
		{85B452CC-7960-4021-AA1F-CFADDCBF7D27}.Debug|Any CPU.ActiveCfg = Debug|Any CPU
		{85B452CC-7960-4021-AA1F-CFADDCBF7D27}.Debug|Any CPU.Build.0 = Debug|Any CPU
		{85B452CC-7960-4021-AA1F-CFADDCBF7D27}.Debug|x86.ActiveCfg = Debug|Any CPU
		{85B452CC-7960-4021-AA1F-CFADDCBF7D27}.Debug|x86.Build.0 = Debug|Any CPU
		{85B452CC-7960-4021-AA1F-CFADDCBF7D27}.DebugNet40|Any CPU.ActiveCfg = Debug|Any CPU
		{85B452CC-7960-4021-AA1F-CFADDCBF7D27}.DebugNet40|Any CPU.Build.0 = Debug|Any CPU
		{85B452CC-7960-4021-AA1F-CFADDCBF7D27}.DebugNet40|x86.ActiveCfg = Debug|Any CPU
		{85B452CC-7960-4021-AA1F-CFADDCBF7D27}.DebugNet40|x86.Build.0 = Debug|Any CPU
		{85B452CC-7960-4021-AA1F-CFADDCBF7D27}.Release|Any CPU.ActiveCfg = Release|Any CPU
		{85B452CC-7960-4021-AA1F-CFADDCBF7D27}.Release|Any CPU.Build.0 = Release|Any CPU
		{85B452CC-7960-4021-AA1F-CFADDCBF7D27}.Release|x86.ActiveCfg = Release|Any CPU
		{85B452CC-7960-4021-AA1F-CFADDCBF7D27}.Release|x86.Build.0 = Release|Any CPU
		{85B452CC-7960-4021-AA1F-CFADDCBF7D27}.ReleaseNet40|Any CPU.ActiveCfg = Release|Any CPU
		{85B452CC-7960-4021-AA1F-CFADDCBF7D27}.ReleaseNet40|Any CPU.Build.0 = Release|Any CPU
		{85B452CC-7960-4021-AA1F-CFADDCBF7D27}.ReleaseNet40|x86.ActiveCfg = Release|Any CPU
		{85B452CC-7960-4021-AA1F-CFADDCBF7D27}.ReleaseNet40|x86.Build.0 = Release|Any CPU
		{C90F9213-25E9-42A1-AFCA-D52FD449C86E}.CodeAnalysis|Any CPU.ActiveCfg = Release|Any CPU
		{C90F9213-25E9-42A1-AFCA-D52FD449C86E}.CodeAnalysis|Any CPU.Build.0 = Release|Any CPU
		{C90F9213-25E9-42A1-AFCA-D52FD449C86E}.CodeAnalysis|x86.ActiveCfg = Release|Any CPU
		{C90F9213-25E9-42A1-AFCA-D52FD449C86E}.CodeAnalysis|x86.Build.0 = Release|Any CPU
		{C90F9213-25E9-42A1-AFCA-D52FD449C86E}.Debug|Any CPU.ActiveCfg = Debug|Any CPU
		{C90F9213-25E9-42A1-AFCA-D52FD449C86E}.Debug|Any CPU.Build.0 = Debug|Any CPU
		{C90F9213-25E9-42A1-AFCA-D52FD449C86E}.Debug|x86.ActiveCfg = Debug|Any CPU
		{C90F9213-25E9-42A1-AFCA-D52FD449C86E}.Debug|x86.Build.0 = Debug|Any CPU
		{C90F9213-25E9-42A1-AFCA-D52FD449C86E}.DebugNet40|Any CPU.ActiveCfg = Debug|Any CPU
		{C90F9213-25E9-42A1-AFCA-D52FD449C86E}.DebugNet40|Any CPU.Build.0 = Debug|Any CPU
		{C90F9213-25E9-42A1-AFCA-D52FD449C86E}.DebugNet40|x86.ActiveCfg = Debug|Any CPU
		{C90F9213-25E9-42A1-AFCA-D52FD449C86E}.DebugNet40|x86.Build.0 = Debug|Any CPU
		{C90F9213-25E9-42A1-AFCA-D52FD449C86E}.Release|Any CPU.ActiveCfg = Release|Any CPU
		{C90F9213-25E9-42A1-AFCA-D52FD449C86E}.Release|Any CPU.Build.0 = Release|Any CPU
		{C90F9213-25E9-42A1-AFCA-D52FD449C86E}.Release|x86.ActiveCfg = Release|Any CPU
		{C90F9213-25E9-42A1-AFCA-D52FD449C86E}.Release|x86.Build.0 = Release|Any CPU
		{C90F9213-25E9-42A1-AFCA-D52FD449C86E}.ReleaseNet40|Any CPU.ActiveCfg = Release|Any CPU
		{C90F9213-25E9-42A1-AFCA-D52FD449C86E}.ReleaseNet40|Any CPU.Build.0 = Release|Any CPU
		{C90F9213-25E9-42A1-AFCA-D52FD449C86E}.ReleaseNet40|x86.ActiveCfg = Release|Any CPU
		{C90F9213-25E9-42A1-AFCA-D52FD449C86E}.ReleaseNet40|x86.Build.0 = Release|Any CPU
		{4281C850-7C68-4F0B-B250-F10FD6BF3D5D}.CodeAnalysis|Any CPU.ActiveCfg = Release|Any CPU
		{4281C850-7C68-4F0B-B250-F10FD6BF3D5D}.CodeAnalysis|Any CPU.Build.0 = Release|Any CPU
		{4281C850-7C68-4F0B-B250-F10FD6BF3D5D}.CodeAnalysis|x86.ActiveCfg = Release|Any CPU
		{4281C850-7C68-4F0B-B250-F10FD6BF3D5D}.CodeAnalysis|x86.Build.0 = Release|Any CPU
		{4281C850-7C68-4F0B-B250-F10FD6BF3D5D}.Debug|Any CPU.ActiveCfg = Debug|Any CPU
		{4281C850-7C68-4F0B-B250-F10FD6BF3D5D}.Debug|Any CPU.Build.0 = Debug|Any CPU
		{4281C850-7C68-4F0B-B250-F10FD6BF3D5D}.Debug|x86.ActiveCfg = Debug|Any CPU
		{4281C850-7C68-4F0B-B250-F10FD6BF3D5D}.Debug|x86.Build.0 = Debug|Any CPU
		{4281C850-7C68-4F0B-B250-F10FD6BF3D5D}.DebugNet40|Any CPU.ActiveCfg = Debug|Any CPU
		{4281C850-7C68-4F0B-B250-F10FD6BF3D5D}.DebugNet40|Any CPU.Build.0 = Debug|Any CPU
		{4281C850-7C68-4F0B-B250-F10FD6BF3D5D}.DebugNet40|x86.ActiveCfg = Debug|Any CPU
		{4281C850-7C68-4F0B-B250-F10FD6BF3D5D}.DebugNet40|x86.Build.0 = Debug|Any CPU
		{4281C850-7C68-4F0B-B250-F10FD6BF3D5D}.Release|Any CPU.ActiveCfg = Release|Any CPU
		{4281C850-7C68-4F0B-B250-F10FD6BF3D5D}.Release|Any CPU.Build.0 = Release|Any CPU
		{4281C850-7C68-4F0B-B250-F10FD6BF3D5D}.Release|x86.ActiveCfg = Release|Any CPU
		{4281C850-7C68-4F0B-B250-F10FD6BF3D5D}.Release|x86.Build.0 = Release|Any CPU
		{4281C850-7C68-4F0B-B250-F10FD6BF3D5D}.ReleaseNet40|Any CPU.ActiveCfg = Release|Any CPU
		{4281C850-7C68-4F0B-B250-F10FD6BF3D5D}.ReleaseNet40|Any CPU.Build.0 = Release|Any CPU
		{4281C850-7C68-4F0B-B250-F10FD6BF3D5D}.ReleaseNet40|x86.ActiveCfg = Release|Any CPU
		{4281C850-7C68-4F0B-B250-F10FD6BF3D5D}.ReleaseNet40|x86.Build.0 = Release|Any CPU
		{90D86B4A-1E21-4936-A5BB-0ACD4014A48A}.CodeAnalysis|Any CPU.ActiveCfg = Release|Any CPU
		{90D86B4A-1E21-4936-A5BB-0ACD4014A48A}.CodeAnalysis|Any CPU.Build.0 = Release|Any CPU
		{90D86B4A-1E21-4936-A5BB-0ACD4014A48A}.CodeAnalysis|x86.ActiveCfg = Release|Any CPU
		{90D86B4A-1E21-4936-A5BB-0ACD4014A48A}.CodeAnalysis|x86.Build.0 = Release|Any CPU
		{90D86B4A-1E21-4936-A5BB-0ACD4014A48A}.Debug|Any CPU.ActiveCfg = Debug|Any CPU
		{90D86B4A-1E21-4936-A5BB-0ACD4014A48A}.Debug|Any CPU.Build.0 = Debug|Any CPU
		{90D86B4A-1E21-4936-A5BB-0ACD4014A48A}.Debug|x86.ActiveCfg = Debug|Any CPU
		{90D86B4A-1E21-4936-A5BB-0ACD4014A48A}.Debug|x86.Build.0 = Debug|Any CPU
		{90D86B4A-1E21-4936-A5BB-0ACD4014A48A}.DebugNet40|Any CPU.ActiveCfg = Debug|Any CPU
		{90D86B4A-1E21-4936-A5BB-0ACD4014A48A}.DebugNet40|Any CPU.Build.0 = Debug|Any CPU
		{90D86B4A-1E21-4936-A5BB-0ACD4014A48A}.DebugNet40|x86.ActiveCfg = Debug|Any CPU
		{90D86B4A-1E21-4936-A5BB-0ACD4014A48A}.DebugNet40|x86.Build.0 = Debug|Any CPU
		{90D86B4A-1E21-4936-A5BB-0ACD4014A48A}.Release|Any CPU.ActiveCfg = Release|Any CPU
		{90D86B4A-1E21-4936-A5BB-0ACD4014A48A}.Release|Any CPU.Build.0 = Release|Any CPU
		{90D86B4A-1E21-4936-A5BB-0ACD4014A48A}.Release|x86.ActiveCfg = Release|Any CPU
		{90D86B4A-1E21-4936-A5BB-0ACD4014A48A}.Release|x86.Build.0 = Release|Any CPU
		{90D86B4A-1E21-4936-A5BB-0ACD4014A48A}.ReleaseNet40|Any CPU.ActiveCfg = Release|Any CPU
		{90D86B4A-1E21-4936-A5BB-0ACD4014A48A}.ReleaseNet40|Any CPU.Build.0 = Release|Any CPU
		{90D86B4A-1E21-4936-A5BB-0ACD4014A48A}.ReleaseNet40|x86.ActiveCfg = Release|Any CPU
		{90D86B4A-1E21-4936-A5BB-0ACD4014A48A}.ReleaseNet40|x86.Build.0 = Release|Any CPU
		{57DAB894-0D9B-4298-BA9F-92545A0F9570}.CodeAnalysis|Any CPU.ActiveCfg = Release|Any CPU
		{57DAB894-0D9B-4298-BA9F-92545A0F9570}.CodeAnalysis|Any CPU.Build.0 = Release|Any CPU
		{57DAB894-0D9B-4298-BA9F-92545A0F9570}.CodeAnalysis|x86.ActiveCfg = Release|Any CPU
		{57DAB894-0D9B-4298-BA9F-92545A0F9570}.CodeAnalysis|x86.Build.0 = Release|Any CPU
		{57DAB894-0D9B-4298-BA9F-92545A0F9570}.Debug|Any CPU.ActiveCfg = Debug|Any CPU
		{57DAB894-0D9B-4298-BA9F-92545A0F9570}.Debug|Any CPU.Build.0 = Debug|Any CPU
		{57DAB894-0D9B-4298-BA9F-92545A0F9570}.Debug|x86.ActiveCfg = Debug|Any CPU
		{57DAB894-0D9B-4298-BA9F-92545A0F9570}.Debug|x86.Build.0 = Debug|Any CPU
		{57DAB894-0D9B-4298-BA9F-92545A0F9570}.DebugNet40|Any CPU.ActiveCfg = Debug|Any CPU
		{57DAB894-0D9B-4298-BA9F-92545A0F9570}.DebugNet40|Any CPU.Build.0 = Debug|Any CPU
		{57DAB894-0D9B-4298-BA9F-92545A0F9570}.DebugNet40|x86.ActiveCfg = Debug|Any CPU
		{57DAB894-0D9B-4298-BA9F-92545A0F9570}.DebugNet40|x86.Build.0 = Debug|Any CPU
		{57DAB894-0D9B-4298-BA9F-92545A0F9570}.Release|Any CPU.ActiveCfg = Release|Any CPU
		{57DAB894-0D9B-4298-BA9F-92545A0F9570}.Release|Any CPU.Build.0 = Release|Any CPU
		{57DAB894-0D9B-4298-BA9F-92545A0F9570}.Release|x86.ActiveCfg = Release|Any CPU
		{57DAB894-0D9B-4298-BA9F-92545A0F9570}.Release|x86.Build.0 = Release|Any CPU
		{57DAB894-0D9B-4298-BA9F-92545A0F9570}.ReleaseNet40|Any CPU.ActiveCfg = Release|Any CPU
		{57DAB894-0D9B-4298-BA9F-92545A0F9570}.ReleaseNet40|Any CPU.Build.0 = Release|Any CPU
		{57DAB894-0D9B-4298-BA9F-92545A0F9570}.ReleaseNet40|x86.ActiveCfg = Release|Any CPU
		{57DAB894-0D9B-4298-BA9F-92545A0F9570}.ReleaseNet40|x86.Build.0 = Release|Any CPU
		{4AAE0AB2-1FAC-4DCA-B08A-F056AD065738}.CodeAnalysis|Any CPU.ActiveCfg = Release|Any CPU
		{4AAE0AB2-1FAC-4DCA-B08A-F056AD065738}.CodeAnalysis|Any CPU.Build.0 = Release|Any CPU
		{4AAE0AB2-1FAC-4DCA-B08A-F056AD065738}.CodeAnalysis|x86.ActiveCfg = Release|Any CPU
		{4AAE0AB2-1FAC-4DCA-B08A-F056AD065738}.CodeAnalysis|x86.Build.0 = Release|Any CPU
		{4AAE0AB2-1FAC-4DCA-B08A-F056AD065738}.Debug|Any CPU.ActiveCfg = Debug|Any CPU
		{4AAE0AB2-1FAC-4DCA-B08A-F056AD065738}.Debug|Any CPU.Build.0 = Debug|Any CPU
		{4AAE0AB2-1FAC-4DCA-B08A-F056AD065738}.Debug|x86.ActiveCfg = Debug|Any CPU
		{4AAE0AB2-1FAC-4DCA-B08A-F056AD065738}.Debug|x86.Build.0 = Debug|Any CPU
		{4AAE0AB2-1FAC-4DCA-B08A-F056AD065738}.DebugNet40|Any CPU.ActiveCfg = Debug|Any CPU
		{4AAE0AB2-1FAC-4DCA-B08A-F056AD065738}.DebugNet40|Any CPU.Build.0 = Debug|Any CPU
		{4AAE0AB2-1FAC-4DCA-B08A-F056AD065738}.DebugNet40|x86.ActiveCfg = Debug|Any CPU
		{4AAE0AB2-1FAC-4DCA-B08A-F056AD065738}.DebugNet40|x86.Build.0 = Debug|Any CPU
		{4AAE0AB2-1FAC-4DCA-B08A-F056AD065738}.Release|Any CPU.ActiveCfg = Release|Any CPU
		{4AAE0AB2-1FAC-4DCA-B08A-F056AD065738}.Release|Any CPU.Build.0 = Release|Any CPU
		{4AAE0AB2-1FAC-4DCA-B08A-F056AD065738}.Release|x86.ActiveCfg = Release|Any CPU
		{4AAE0AB2-1FAC-4DCA-B08A-F056AD065738}.Release|x86.Build.0 = Release|Any CPU
		{4AAE0AB2-1FAC-4DCA-B08A-F056AD065738}.ReleaseNet40|Any CPU.ActiveCfg = Release|Any CPU
		{4AAE0AB2-1FAC-4DCA-B08A-F056AD065738}.ReleaseNet40|Any CPU.Build.0 = Release|Any CPU
		{4AAE0AB2-1FAC-4DCA-B08A-F056AD065738}.ReleaseNet40|x86.ActiveCfg = Release|Any CPU
		{4AAE0AB2-1FAC-4DCA-B08A-F056AD065738}.ReleaseNet40|x86.Build.0 = Release|Any CPU
		{7A5F5593-6FF1-444C-9F69-3E5D800CE0A6}.CodeAnalysis|Any CPU.ActiveCfg = Release|Any CPU
		{7A5F5593-6FF1-444C-9F69-3E5D800CE0A6}.CodeAnalysis|Any CPU.Build.0 = Release|Any CPU
		{7A5F5593-6FF1-444C-9F69-3E5D800CE0A6}.CodeAnalysis|x86.ActiveCfg = Release|Any CPU
		{7A5F5593-6FF1-444C-9F69-3E5D800CE0A6}.CodeAnalysis|x86.Build.0 = Release|Any CPU
		{7A5F5593-6FF1-444C-9F69-3E5D800CE0A6}.Debug|Any CPU.ActiveCfg = Debug|Any CPU
		{7A5F5593-6FF1-444C-9F69-3E5D800CE0A6}.Debug|Any CPU.Build.0 = Debug|Any CPU
		{7A5F5593-6FF1-444C-9F69-3E5D800CE0A6}.Debug|x86.ActiveCfg = Debug|Any CPU
		{7A5F5593-6FF1-444C-9F69-3E5D800CE0A6}.Debug|x86.Build.0 = Debug|Any CPU
		{7A5F5593-6FF1-444C-9F69-3E5D800CE0A6}.DebugNet40|Any CPU.ActiveCfg = Debug|Any CPU
		{7A5F5593-6FF1-444C-9F69-3E5D800CE0A6}.DebugNet40|Any CPU.Build.0 = Debug|Any CPU
		{7A5F5593-6FF1-444C-9F69-3E5D800CE0A6}.DebugNet40|x86.ActiveCfg = Debug|Any CPU
		{7A5F5593-6FF1-444C-9F69-3E5D800CE0A6}.DebugNet40|x86.Build.0 = Debug|Any CPU
		{7A5F5593-6FF1-444C-9F69-3E5D800CE0A6}.Release|Any CPU.ActiveCfg = Release|Any CPU
		{7A5F5593-6FF1-444C-9F69-3E5D800CE0A6}.Release|Any CPU.Build.0 = Release|Any CPU
		{7A5F5593-6FF1-444C-9F69-3E5D800CE0A6}.Release|x86.ActiveCfg = Release|Any CPU
		{7A5F5593-6FF1-444C-9F69-3E5D800CE0A6}.Release|x86.Build.0 = Release|Any CPU
		{7A5F5593-6FF1-444C-9F69-3E5D800CE0A6}.ReleaseNet40|Any CPU.ActiveCfg = Release|Any CPU
		{7A5F5593-6FF1-444C-9F69-3E5D800CE0A6}.ReleaseNet40|Any CPU.Build.0 = Release|Any CPU
		{7A5F5593-6FF1-444C-9F69-3E5D800CE0A6}.ReleaseNet40|x86.ActiveCfg = Release|Any CPU
		{7A5F5593-6FF1-444C-9F69-3E5D800CE0A6}.ReleaseNet40|x86.Build.0 = Release|Any CPU
		{75626FE1-36A6-411F-B3C1-3DDFC69004EE}.CodeAnalysis|Any CPU.ActiveCfg = Release|Any CPU
		{75626FE1-36A6-411F-B3C1-3DDFC69004EE}.CodeAnalysis|Any CPU.Build.0 = Release|Any CPU
		{75626FE1-36A6-411F-B3C1-3DDFC69004EE}.CodeAnalysis|x86.ActiveCfg = Release|Any CPU
		{75626FE1-36A6-411F-B3C1-3DDFC69004EE}.CodeAnalysis|x86.Build.0 = Release|Any CPU
		{75626FE1-36A6-411F-B3C1-3DDFC69004EE}.Debug|Any CPU.ActiveCfg = Debug|Any CPU
		{75626FE1-36A6-411F-B3C1-3DDFC69004EE}.Debug|Any CPU.Build.0 = Debug|Any CPU
		{75626FE1-36A6-411F-B3C1-3DDFC69004EE}.Debug|x86.ActiveCfg = Debug|Any CPU
		{75626FE1-36A6-411F-B3C1-3DDFC69004EE}.Debug|x86.Build.0 = Debug|Any CPU
		{75626FE1-36A6-411F-B3C1-3DDFC69004EE}.DebugNet40|Any CPU.ActiveCfg = Debug|Any CPU
		{75626FE1-36A6-411F-B3C1-3DDFC69004EE}.DebugNet40|Any CPU.Build.0 = Debug|Any CPU
		{75626FE1-36A6-411F-B3C1-3DDFC69004EE}.DebugNet40|x86.ActiveCfg = Debug|Any CPU
		{75626FE1-36A6-411F-B3C1-3DDFC69004EE}.DebugNet40|x86.Build.0 = Debug|Any CPU
		{75626FE1-36A6-411F-B3C1-3DDFC69004EE}.Release|Any CPU.ActiveCfg = Release|Any CPU
		{75626FE1-36A6-411F-B3C1-3DDFC69004EE}.Release|Any CPU.Build.0 = Release|Any CPU
		{75626FE1-36A6-411F-B3C1-3DDFC69004EE}.Release|x86.ActiveCfg = Release|Any CPU
		{75626FE1-36A6-411F-B3C1-3DDFC69004EE}.Release|x86.Build.0 = Release|Any CPU
		{75626FE1-36A6-411F-B3C1-3DDFC69004EE}.ReleaseNet40|Any CPU.ActiveCfg = Release|Any CPU
		{75626FE1-36A6-411F-B3C1-3DDFC69004EE}.ReleaseNet40|Any CPU.Build.0 = Release|Any CPU
		{75626FE1-36A6-411F-B3C1-3DDFC69004EE}.ReleaseNet40|x86.ActiveCfg = Release|Any CPU
		{75626FE1-36A6-411F-B3C1-3DDFC69004EE}.ReleaseNet40|x86.Build.0 = Release|Any CPU
		{5D782156-44BD-4D4F-831D-4463C3C4EEEC}.CodeAnalysis|Any CPU.ActiveCfg = Release|Any CPU
		{5D782156-44BD-4D4F-831D-4463C3C4EEEC}.CodeAnalysis|Any CPU.Build.0 = Release|Any CPU
		{5D782156-44BD-4D4F-831D-4463C3C4EEEC}.CodeAnalysis|x86.ActiveCfg = Release|Any CPU
		{5D782156-44BD-4D4F-831D-4463C3C4EEEC}.CodeAnalysis|x86.Build.0 = Release|Any CPU
		{5D782156-44BD-4D4F-831D-4463C3C4EEEC}.Debug|Any CPU.ActiveCfg = Debug|Any CPU
		{5D782156-44BD-4D4F-831D-4463C3C4EEEC}.Debug|Any CPU.Build.0 = Debug|Any CPU
		{5D782156-44BD-4D4F-831D-4463C3C4EEEC}.Debug|x86.ActiveCfg = Debug|Any CPU
		{5D782156-44BD-4D4F-831D-4463C3C4EEEC}.Debug|x86.Build.0 = Debug|Any CPU
		{5D782156-44BD-4D4F-831D-4463C3C4EEEC}.DebugNet40|Any CPU.ActiveCfg = Debug|Any CPU
		{5D782156-44BD-4D4F-831D-4463C3C4EEEC}.DebugNet40|Any CPU.Build.0 = Debug|Any CPU
		{5D782156-44BD-4D4F-831D-4463C3C4EEEC}.DebugNet40|x86.ActiveCfg = Debug|Any CPU
		{5D782156-44BD-4D4F-831D-4463C3C4EEEC}.DebugNet40|x86.Build.0 = Debug|Any CPU
		{5D782156-44BD-4D4F-831D-4463C3C4EEEC}.Release|Any CPU.ActiveCfg = Release|Any CPU
		{5D782156-44BD-4D4F-831D-4463C3C4EEEC}.Release|Any CPU.Build.0 = Release|Any CPU
		{5D782156-44BD-4D4F-831D-4463C3C4EEEC}.Release|x86.ActiveCfg = Release|Any CPU
		{5D782156-44BD-4D4F-831D-4463C3C4EEEC}.Release|x86.Build.0 = Release|Any CPU
		{5D782156-44BD-4D4F-831D-4463C3C4EEEC}.ReleaseNet40|Any CPU.ActiveCfg = Release|Any CPU
		{5D782156-44BD-4D4F-831D-4463C3C4EEEC}.ReleaseNet40|Any CPU.Build.0 = Release|Any CPU
		{5D782156-44BD-4D4F-831D-4463C3C4EEEC}.ReleaseNet40|x86.ActiveCfg = Release|Any CPU
		{5D782156-44BD-4D4F-831D-4463C3C4EEEC}.ReleaseNet40|x86.Build.0 = Release|Any CPU
		{08500D7D-6B62-406A-A1A2-A470343219B3}.CodeAnalysis|Any CPU.ActiveCfg = Release|Any CPU
		{08500D7D-6B62-406A-A1A2-A470343219B3}.CodeAnalysis|Any CPU.Build.0 = Release|Any CPU
		{08500D7D-6B62-406A-A1A2-A470343219B3}.CodeAnalysis|x86.ActiveCfg = Release|Any CPU
		{08500D7D-6B62-406A-A1A2-A470343219B3}.CodeAnalysis|x86.Build.0 = Release|Any CPU
		{08500D7D-6B62-406A-A1A2-A470343219B3}.Debug|Any CPU.ActiveCfg = Debug|Any CPU
		{08500D7D-6B62-406A-A1A2-A470343219B3}.Debug|Any CPU.Build.0 = Debug|Any CPU
		{08500D7D-6B62-406A-A1A2-A470343219B3}.Debug|x86.ActiveCfg = Debug|Any CPU
		{08500D7D-6B62-406A-A1A2-A470343219B3}.Debug|x86.Build.0 = Debug|Any CPU
		{08500D7D-6B62-406A-A1A2-A470343219B3}.DebugNet40|Any CPU.ActiveCfg = Debug|Any CPU
		{08500D7D-6B62-406A-A1A2-A470343219B3}.DebugNet40|Any CPU.Build.0 = Debug|Any CPU
		{08500D7D-6B62-406A-A1A2-A470343219B3}.DebugNet40|x86.ActiveCfg = Debug|Any CPU
		{08500D7D-6B62-406A-A1A2-A470343219B3}.DebugNet40|x86.Build.0 = Debug|Any CPU
		{08500D7D-6B62-406A-A1A2-A470343219B3}.Release|Any CPU.ActiveCfg = Release|Any CPU
		{08500D7D-6B62-406A-A1A2-A470343219B3}.Release|Any CPU.Build.0 = Release|Any CPU
		{08500D7D-6B62-406A-A1A2-A470343219B3}.Release|x86.ActiveCfg = Release|Any CPU
		{08500D7D-6B62-406A-A1A2-A470343219B3}.Release|x86.Build.0 = Release|Any CPU
		{08500D7D-6B62-406A-A1A2-A470343219B3}.ReleaseNet40|Any CPU.ActiveCfg = Release|Any CPU
		{08500D7D-6B62-406A-A1A2-A470343219B3}.ReleaseNet40|Any CPU.Build.0 = Release|Any CPU
		{08500D7D-6B62-406A-A1A2-A470343219B3}.ReleaseNet40|x86.ActiveCfg = Release|Any CPU
		{08500D7D-6B62-406A-A1A2-A470343219B3}.ReleaseNet40|x86.Build.0 = Release|Any CPU
		{F21BF8B6-A8D2-4AFE-8946-66D01B854AF7}.CodeAnalysis|Any CPU.ActiveCfg = Release|Any CPU
		{F21BF8B6-A8D2-4AFE-8946-66D01B854AF7}.CodeAnalysis|Any CPU.Build.0 = Release|Any CPU
		{F21BF8B6-A8D2-4AFE-8946-66D01B854AF7}.CodeAnalysis|x86.ActiveCfg = Release|Any CPU
		{F21BF8B6-A8D2-4AFE-8946-66D01B854AF7}.CodeAnalysis|x86.Build.0 = Release|Any CPU
		{F21BF8B6-A8D2-4AFE-8946-66D01B854AF7}.Debug|Any CPU.ActiveCfg = Debug|Any CPU
		{F21BF8B6-A8D2-4AFE-8946-66D01B854AF7}.Debug|Any CPU.Build.0 = Debug|Any CPU
		{F21BF8B6-A8D2-4AFE-8946-66D01B854AF7}.Debug|x86.ActiveCfg = Debug|Any CPU
		{F21BF8B6-A8D2-4AFE-8946-66D01B854AF7}.Debug|x86.Build.0 = Debug|Any CPU
		{F21BF8B6-A8D2-4AFE-8946-66D01B854AF7}.DebugNet40|Any CPU.ActiveCfg = Debug|Any CPU
		{F21BF8B6-A8D2-4AFE-8946-66D01B854AF7}.DebugNet40|Any CPU.Build.0 = Debug|Any CPU
		{F21BF8B6-A8D2-4AFE-8946-66D01B854AF7}.DebugNet40|x86.ActiveCfg = Debug|Any CPU
		{F21BF8B6-A8D2-4AFE-8946-66D01B854AF7}.DebugNet40|x86.Build.0 = Debug|Any CPU
		{F21BF8B6-A8D2-4AFE-8946-66D01B854AF7}.Release|Any CPU.ActiveCfg = Release|Any CPU
		{F21BF8B6-A8D2-4AFE-8946-66D01B854AF7}.Release|Any CPU.Build.0 = Release|Any CPU
		{F21BF8B6-A8D2-4AFE-8946-66D01B854AF7}.Release|x86.ActiveCfg = Release|Any CPU
		{F21BF8B6-A8D2-4AFE-8946-66D01B854AF7}.Release|x86.Build.0 = Release|Any CPU
		{F21BF8B6-A8D2-4AFE-8946-66D01B854AF7}.ReleaseNet40|Any CPU.ActiveCfg = Release|Any CPU
		{F21BF8B6-A8D2-4AFE-8946-66D01B854AF7}.ReleaseNet40|Any CPU.Build.0 = Release|Any CPU
		{F21BF8B6-A8D2-4AFE-8946-66D01B854AF7}.ReleaseNet40|x86.ActiveCfg = Release|Any CPU
		{F21BF8B6-A8D2-4AFE-8946-66D01B854AF7}.ReleaseNet40|x86.Build.0 = Release|Any CPU
		{56300FBE-68D5-4C20-83B6-A4A1CE407E95}.CodeAnalysis|Any CPU.ActiveCfg = Release|Any CPU
		{56300FBE-68D5-4C20-83B6-A4A1CE407E95}.CodeAnalysis|Any CPU.Build.0 = Release|Any CPU
		{56300FBE-68D5-4C20-83B6-A4A1CE407E95}.CodeAnalysis|x86.ActiveCfg = Release|Any CPU
		{56300FBE-68D5-4C20-83B6-A4A1CE407E95}.CodeAnalysis|x86.Build.0 = Release|Any CPU
		{56300FBE-68D5-4C20-83B6-A4A1CE407E95}.Debug|Any CPU.ActiveCfg = Debug|Any CPU
		{56300FBE-68D5-4C20-83B6-A4A1CE407E95}.Debug|Any CPU.Build.0 = Debug|Any CPU
		{56300FBE-68D5-4C20-83B6-A4A1CE407E95}.Debug|x86.ActiveCfg = Debug|Any CPU
		{56300FBE-68D5-4C20-83B6-A4A1CE407E95}.Debug|x86.Build.0 = Debug|Any CPU
		{56300FBE-68D5-4C20-83B6-A4A1CE407E95}.DebugNet40|Any CPU.ActiveCfg = Debug|Any CPU
		{56300FBE-68D5-4C20-83B6-A4A1CE407E95}.DebugNet40|Any CPU.Build.0 = Debug|Any CPU
		{56300FBE-68D5-4C20-83B6-A4A1CE407E95}.DebugNet40|x86.ActiveCfg = Debug|Any CPU
		{56300FBE-68D5-4C20-83B6-A4A1CE407E95}.DebugNet40|x86.Build.0 = Debug|Any CPU
		{56300FBE-68D5-4C20-83B6-A4A1CE407E95}.Release|Any CPU.ActiveCfg = Release|Any CPU
		{56300FBE-68D5-4C20-83B6-A4A1CE407E95}.Release|Any CPU.Build.0 = Release|Any CPU
		{56300FBE-68D5-4C20-83B6-A4A1CE407E95}.Release|x86.ActiveCfg = Release|Any CPU
		{56300FBE-68D5-4C20-83B6-A4A1CE407E95}.Release|x86.Build.0 = Release|Any CPU
		{56300FBE-68D5-4C20-83B6-A4A1CE407E95}.ReleaseNet40|Any CPU.ActiveCfg = Release|Any CPU
		{56300FBE-68D5-4C20-83B6-A4A1CE407E95}.ReleaseNet40|Any CPU.Build.0 = Release|Any CPU
		{56300FBE-68D5-4C20-83B6-A4A1CE407E95}.ReleaseNet40|x86.ActiveCfg = Release|Any CPU
		{56300FBE-68D5-4C20-83B6-A4A1CE407E95}.ReleaseNet40|x86.Build.0 = Release|Any CPU
		{1EA804EA-0225-46B4-AD1B-E56CB5E69055}.CodeAnalysis|Any CPU.ActiveCfg = Release|Any CPU
		{1EA804EA-0225-46B4-AD1B-E56CB5E69055}.CodeAnalysis|Any CPU.Build.0 = Release|Any CPU
		{1EA804EA-0225-46B4-AD1B-E56CB5E69055}.CodeAnalysis|x86.ActiveCfg = Release|Any CPU
		{1EA804EA-0225-46B4-AD1B-E56CB5E69055}.CodeAnalysis|x86.Build.0 = Release|Any CPU
		{1EA804EA-0225-46B4-AD1B-E56CB5E69055}.Debug|Any CPU.ActiveCfg = Debug|Any CPU
		{1EA804EA-0225-46B4-AD1B-E56CB5E69055}.Debug|Any CPU.Build.0 = Debug|Any CPU
		{1EA804EA-0225-46B4-AD1B-E56CB5E69055}.Debug|x86.ActiveCfg = Debug|Any CPU
		{1EA804EA-0225-46B4-AD1B-E56CB5E69055}.Debug|x86.Build.0 = Debug|Any CPU
		{1EA804EA-0225-46B4-AD1B-E56CB5E69055}.DebugNet40|Any CPU.ActiveCfg = Debug|Any CPU
		{1EA804EA-0225-46B4-AD1B-E56CB5E69055}.DebugNet40|Any CPU.Build.0 = Debug|Any CPU
		{1EA804EA-0225-46B4-AD1B-E56CB5E69055}.DebugNet40|x86.ActiveCfg = Debug|Any CPU
		{1EA804EA-0225-46B4-AD1B-E56CB5E69055}.DebugNet40|x86.Build.0 = Debug|Any CPU
		{1EA804EA-0225-46B4-AD1B-E56CB5E69055}.Release|Any CPU.ActiveCfg = Release|Any CPU
		{1EA804EA-0225-46B4-AD1B-E56CB5E69055}.Release|Any CPU.Build.0 = Release|Any CPU
		{1EA804EA-0225-46B4-AD1B-E56CB5E69055}.Release|x86.ActiveCfg = Release|Any CPU
		{1EA804EA-0225-46B4-AD1B-E56CB5E69055}.Release|x86.Build.0 = Release|Any CPU
		{1EA804EA-0225-46B4-AD1B-E56CB5E69055}.ReleaseNet40|Any CPU.ActiveCfg = Release|Any CPU
		{1EA804EA-0225-46B4-AD1B-E56CB5E69055}.ReleaseNet40|Any CPU.Build.0 = Release|Any CPU
		{1EA804EA-0225-46B4-AD1B-E56CB5E69055}.ReleaseNet40|x86.ActiveCfg = Release|Any CPU
		{1EA804EA-0225-46B4-AD1B-E56CB5E69055}.ReleaseNet40|x86.Build.0 = Release|Any CPU
		{54CF43CF-D8F4-46DD-8D88-DB501A729FF7}.CodeAnalysis|Any CPU.ActiveCfg = Release|Any CPU
		{54CF43CF-D8F4-46DD-8D88-DB501A729FF7}.CodeAnalysis|Any CPU.Build.0 = Release|Any CPU
		{54CF43CF-D8F4-46DD-8D88-DB501A729FF7}.CodeAnalysis|x86.ActiveCfg = Release|Any CPU
		{54CF43CF-D8F4-46DD-8D88-DB501A729FF7}.CodeAnalysis|x86.Build.0 = Release|Any CPU
		{54CF43CF-D8F4-46DD-8D88-DB501A729FF7}.Debug|Any CPU.ActiveCfg = Debug|Any CPU
		{54CF43CF-D8F4-46DD-8D88-DB501A729FF7}.Debug|Any CPU.Build.0 = Debug|Any CPU
		{54CF43CF-D8F4-46DD-8D88-DB501A729FF7}.Debug|x86.ActiveCfg = Debug|Any CPU
		{54CF43CF-D8F4-46DD-8D88-DB501A729FF7}.Debug|x86.Build.0 = Debug|Any CPU
		{54CF43CF-D8F4-46DD-8D88-DB501A729FF7}.DebugNet40|Any CPU.ActiveCfg = Debug|Any CPU
		{54CF43CF-D8F4-46DD-8D88-DB501A729FF7}.DebugNet40|Any CPU.Build.0 = Debug|Any CPU
		{54CF43CF-D8F4-46DD-8D88-DB501A729FF7}.DebugNet40|x86.ActiveCfg = Debug|Any CPU
		{54CF43CF-D8F4-46DD-8D88-DB501A729FF7}.DebugNet40|x86.Build.0 = Debug|Any CPU
		{54CF43CF-D8F4-46DD-8D88-DB501A729FF7}.Release|Any CPU.ActiveCfg = Release|Any CPU
		{54CF43CF-D8F4-46DD-8D88-DB501A729FF7}.Release|Any CPU.Build.0 = Release|Any CPU
		{54CF43CF-D8F4-46DD-8D88-DB501A729FF7}.Release|x86.ActiveCfg = Release|Any CPU
		{54CF43CF-D8F4-46DD-8D88-DB501A729FF7}.Release|x86.Build.0 = Release|Any CPU
		{54CF43CF-D8F4-46DD-8D88-DB501A729FF7}.ReleaseNet40|Any CPU.ActiveCfg = Release|Any CPU
		{54CF43CF-D8F4-46DD-8D88-DB501A729FF7}.ReleaseNet40|Any CPU.Build.0 = Release|Any CPU
		{54CF43CF-D8F4-46DD-8D88-DB501A729FF7}.ReleaseNet40|x86.ActiveCfg = Release|Any CPU
		{54CF43CF-D8F4-46DD-8D88-DB501A729FF7}.ReleaseNet40|x86.Build.0 = Release|Any CPU
		{9461BE6D-19AE-4333-AF5C-FA04959EDE14}.CodeAnalysis|Any CPU.ActiveCfg = Release|Any CPU
		{9461BE6D-19AE-4333-AF5C-FA04959EDE14}.CodeAnalysis|Any CPU.Build.0 = Release|Any CPU
		{9461BE6D-19AE-4333-AF5C-FA04959EDE14}.CodeAnalysis|x86.ActiveCfg = Release|Any CPU
		{9461BE6D-19AE-4333-AF5C-FA04959EDE14}.CodeAnalysis|x86.Build.0 = Release|Any CPU
		{9461BE6D-19AE-4333-AF5C-FA04959EDE14}.Debug|Any CPU.ActiveCfg = Debug|Any CPU
		{9461BE6D-19AE-4333-AF5C-FA04959EDE14}.Debug|Any CPU.Build.0 = Debug|Any CPU
		{9461BE6D-19AE-4333-AF5C-FA04959EDE14}.Debug|x86.ActiveCfg = Debug|Any CPU
		{9461BE6D-19AE-4333-AF5C-FA04959EDE14}.Debug|x86.Build.0 = Debug|Any CPU
		{9461BE6D-19AE-4333-AF5C-FA04959EDE14}.DebugNet40|Any CPU.ActiveCfg = Debug|Any CPU
		{9461BE6D-19AE-4333-AF5C-FA04959EDE14}.DebugNet40|Any CPU.Build.0 = Debug|Any CPU
		{9461BE6D-19AE-4333-AF5C-FA04959EDE14}.DebugNet40|x86.ActiveCfg = Debug|Any CPU
		{9461BE6D-19AE-4333-AF5C-FA04959EDE14}.DebugNet40|x86.Build.0 = Debug|Any CPU
		{9461BE6D-19AE-4333-AF5C-FA04959EDE14}.Release|Any CPU.ActiveCfg = Release|Any CPU
		{9461BE6D-19AE-4333-AF5C-FA04959EDE14}.Release|Any CPU.Build.0 = Release|Any CPU
		{9461BE6D-19AE-4333-AF5C-FA04959EDE14}.Release|x86.ActiveCfg = Release|Any CPU
		{9461BE6D-19AE-4333-AF5C-FA04959EDE14}.Release|x86.Build.0 = Release|Any CPU
		{9461BE6D-19AE-4333-AF5C-FA04959EDE14}.ReleaseNet40|Any CPU.ActiveCfg = Release|Any CPU
		{9461BE6D-19AE-4333-AF5C-FA04959EDE14}.ReleaseNet40|Any CPU.Build.0 = Release|Any CPU
		{9461BE6D-19AE-4333-AF5C-FA04959EDE14}.ReleaseNet40|x86.ActiveCfg = Release|Any CPU
		{9461BE6D-19AE-4333-AF5C-FA04959EDE14}.ReleaseNet40|x86.Build.0 = Release|Any CPU
		{72ABDBEF-333F-479B-9806-EC1302B70379}.CodeAnalysis|Any CPU.ActiveCfg = Release|Any CPU
		{72ABDBEF-333F-479B-9806-EC1302B70379}.CodeAnalysis|Any CPU.Build.0 = Release|Any CPU
		{72ABDBEF-333F-479B-9806-EC1302B70379}.CodeAnalysis|x86.ActiveCfg = Release|Any CPU
		{72ABDBEF-333F-479B-9806-EC1302B70379}.CodeAnalysis|x86.Build.0 = Release|Any CPU
		{72ABDBEF-333F-479B-9806-EC1302B70379}.Debug|Any CPU.ActiveCfg = Debug|Any CPU
		{72ABDBEF-333F-479B-9806-EC1302B70379}.Debug|Any CPU.Build.0 = Debug|Any CPU
		{72ABDBEF-333F-479B-9806-EC1302B70379}.Debug|x86.ActiveCfg = Debug|Any CPU
		{72ABDBEF-333F-479B-9806-EC1302B70379}.Debug|x86.Build.0 = Debug|Any CPU
		{72ABDBEF-333F-479B-9806-EC1302B70379}.DebugNet40|Any CPU.ActiveCfg = Debug|Any CPU
		{72ABDBEF-333F-479B-9806-EC1302B70379}.DebugNet40|Any CPU.Build.0 = Debug|Any CPU
		{72ABDBEF-333F-479B-9806-EC1302B70379}.DebugNet40|x86.ActiveCfg = Debug|Any CPU
		{72ABDBEF-333F-479B-9806-EC1302B70379}.DebugNet40|x86.Build.0 = Debug|Any CPU
		{72ABDBEF-333F-479B-9806-EC1302B70379}.Release|Any CPU.ActiveCfg = Release|Any CPU
		{72ABDBEF-333F-479B-9806-EC1302B70379}.Release|Any CPU.Build.0 = Release|Any CPU
		{72ABDBEF-333F-479B-9806-EC1302B70379}.Release|x86.ActiveCfg = Release|Any CPU
		{72ABDBEF-333F-479B-9806-EC1302B70379}.Release|x86.Build.0 = Release|Any CPU
		{72ABDBEF-333F-479B-9806-EC1302B70379}.ReleaseNet40|Any CPU.ActiveCfg = Release|Any CPU
		{72ABDBEF-333F-479B-9806-EC1302B70379}.ReleaseNet40|Any CPU.Build.0 = Release|Any CPU
		{72ABDBEF-333F-479B-9806-EC1302B70379}.ReleaseNet40|x86.ActiveCfg = Release|Any CPU
		{72ABDBEF-333F-479B-9806-EC1302B70379}.ReleaseNet40|x86.Build.0 = Release|Any CPU
		{A4622141-DEE9-43C2-9520-6DB548C92DC8}.CodeAnalysis|Any CPU.ActiveCfg = Release|Any CPU
		{A4622141-DEE9-43C2-9520-6DB548C92DC8}.CodeAnalysis|Any CPU.Build.0 = Release|Any CPU
		{A4622141-DEE9-43C2-9520-6DB548C92DC8}.CodeAnalysis|x86.ActiveCfg = Release|Any CPU
		{A4622141-DEE9-43C2-9520-6DB548C92DC8}.CodeAnalysis|x86.Build.0 = Release|Any CPU
		{A4622141-DEE9-43C2-9520-6DB548C92DC8}.Debug|Any CPU.ActiveCfg = Debug|Any CPU
		{A4622141-DEE9-43C2-9520-6DB548C92DC8}.Debug|Any CPU.Build.0 = Debug|Any CPU
		{A4622141-DEE9-43C2-9520-6DB548C92DC8}.Debug|x86.ActiveCfg = Debug|Any CPU
		{A4622141-DEE9-43C2-9520-6DB548C92DC8}.Debug|x86.Build.0 = Debug|Any CPU
		{A4622141-DEE9-43C2-9520-6DB548C92DC8}.DebugNet40|Any CPU.ActiveCfg = Debug|Any CPU
		{A4622141-DEE9-43C2-9520-6DB548C92DC8}.DebugNet40|Any CPU.Build.0 = Debug|Any CPU
		{A4622141-DEE9-43C2-9520-6DB548C92DC8}.DebugNet40|x86.ActiveCfg = Debug|Any CPU
		{A4622141-DEE9-43C2-9520-6DB548C92DC8}.DebugNet40|x86.Build.0 = Debug|Any CPU
		{A4622141-DEE9-43C2-9520-6DB548C92DC8}.Release|Any CPU.ActiveCfg = Release|Any CPU
		{A4622141-DEE9-43C2-9520-6DB548C92DC8}.Release|Any CPU.Build.0 = Release|Any CPU
		{A4622141-DEE9-43C2-9520-6DB548C92DC8}.Release|x86.ActiveCfg = Release|Any CPU
		{A4622141-DEE9-43C2-9520-6DB548C92DC8}.Release|x86.Build.0 = Release|Any CPU
		{A4622141-DEE9-43C2-9520-6DB548C92DC8}.ReleaseNet40|Any CPU.ActiveCfg = Release|Any CPU
		{A4622141-DEE9-43C2-9520-6DB548C92DC8}.ReleaseNet40|Any CPU.Build.0 = Release|Any CPU
		{A4622141-DEE9-43C2-9520-6DB548C92DC8}.ReleaseNet40|x86.ActiveCfg = Release|Any CPU
		{A4622141-DEE9-43C2-9520-6DB548C92DC8}.ReleaseNet40|x86.Build.0 = Release|Any CPU
		{ACB52FD6-C4FD-4D2A-846E-2B1CB750AA05}.CodeAnalysis|Any CPU.ActiveCfg = Release|Any CPU
		{ACB52FD6-C4FD-4D2A-846E-2B1CB750AA05}.CodeAnalysis|Any CPU.Build.0 = Release|Any CPU
		{ACB52FD6-C4FD-4D2A-846E-2B1CB750AA05}.CodeAnalysis|x86.ActiveCfg = Release|Any CPU
		{ACB52FD6-C4FD-4D2A-846E-2B1CB750AA05}.CodeAnalysis|x86.Build.0 = Release|Any CPU
		{ACB52FD6-C4FD-4D2A-846E-2B1CB750AA05}.Debug|Any CPU.ActiveCfg = Debug|Any CPU
		{ACB52FD6-C4FD-4D2A-846E-2B1CB750AA05}.Debug|Any CPU.Build.0 = Debug|Any CPU
		{ACB52FD6-C4FD-4D2A-846E-2B1CB750AA05}.Debug|x86.ActiveCfg = Debug|Any CPU
		{ACB52FD6-C4FD-4D2A-846E-2B1CB750AA05}.Debug|x86.Build.0 = Debug|Any CPU
		{ACB52FD6-C4FD-4D2A-846E-2B1CB750AA05}.DebugNet40|Any CPU.ActiveCfg = Debug|Any CPU
		{ACB52FD6-C4FD-4D2A-846E-2B1CB750AA05}.DebugNet40|Any CPU.Build.0 = Debug|Any CPU
		{ACB52FD6-C4FD-4D2A-846E-2B1CB750AA05}.DebugNet40|x86.ActiveCfg = Debug|Any CPU
		{ACB52FD6-C4FD-4D2A-846E-2B1CB750AA05}.DebugNet40|x86.Build.0 = Debug|Any CPU
		{ACB52FD6-C4FD-4D2A-846E-2B1CB750AA05}.Release|Any CPU.ActiveCfg = Release|Any CPU
		{ACB52FD6-C4FD-4D2A-846E-2B1CB750AA05}.Release|Any CPU.Build.0 = Release|Any CPU
		{ACB52FD6-C4FD-4D2A-846E-2B1CB750AA05}.Release|x86.ActiveCfg = Release|Any CPU
		{ACB52FD6-C4FD-4D2A-846E-2B1CB750AA05}.Release|x86.Build.0 = Release|Any CPU
		{ACB52FD6-C4FD-4D2A-846E-2B1CB750AA05}.ReleaseNet40|Any CPU.ActiveCfg = Release|Any CPU
		{ACB52FD6-C4FD-4D2A-846E-2B1CB750AA05}.ReleaseNet40|Any CPU.Build.0 = Release|Any CPU
		{ACB52FD6-C4FD-4D2A-846E-2B1CB750AA05}.ReleaseNet40|x86.ActiveCfg = Release|Any CPU
		{ACB52FD6-C4FD-4D2A-846E-2B1CB750AA05}.ReleaseNet40|x86.Build.0 = Release|Any CPU
		{B20B797D-67FA-4A46-945E-59390D6C0A36}.CodeAnalysis|Any CPU.ActiveCfg = Release|Any CPU
		{B20B797D-67FA-4A46-945E-59390D6C0A36}.CodeAnalysis|Any CPU.Build.0 = Release|Any CPU
		{B20B797D-67FA-4A46-945E-59390D6C0A36}.CodeAnalysis|x86.ActiveCfg = Release|Any CPU
		{B20B797D-67FA-4A46-945E-59390D6C0A36}.CodeAnalysis|x86.Build.0 = Release|Any CPU
		{B20B797D-67FA-4A46-945E-59390D6C0A36}.Debug|Any CPU.ActiveCfg = Debug|Any CPU
		{B20B797D-67FA-4A46-945E-59390D6C0A36}.Debug|Any CPU.Build.0 = Debug|Any CPU
		{B20B797D-67FA-4A46-945E-59390D6C0A36}.Debug|x86.ActiveCfg = Debug|Any CPU
		{B20B797D-67FA-4A46-945E-59390D6C0A36}.Debug|x86.Build.0 = Debug|Any CPU
		{B20B797D-67FA-4A46-945E-59390D6C0A36}.DebugNet40|Any CPU.ActiveCfg = Debug|Any CPU
		{B20B797D-67FA-4A46-945E-59390D6C0A36}.DebugNet40|Any CPU.Build.0 = Debug|Any CPU
		{B20B797D-67FA-4A46-945E-59390D6C0A36}.DebugNet40|x86.ActiveCfg = Debug|Any CPU
		{B20B797D-67FA-4A46-945E-59390D6C0A36}.DebugNet40|x86.Build.0 = Debug|Any CPU
		{B20B797D-67FA-4A46-945E-59390D6C0A36}.Release|Any CPU.ActiveCfg = Release|Any CPU
		{B20B797D-67FA-4A46-945E-59390D6C0A36}.Release|Any CPU.Build.0 = Release|Any CPU
		{B20B797D-67FA-4A46-945E-59390D6C0A36}.Release|x86.ActiveCfg = Release|Any CPU
		{B20B797D-67FA-4A46-945E-59390D6C0A36}.Release|x86.Build.0 = Release|Any CPU
		{B20B797D-67FA-4A46-945E-59390D6C0A36}.ReleaseNet40|Any CPU.ActiveCfg = Release|Any CPU
		{B20B797D-67FA-4A46-945E-59390D6C0A36}.ReleaseNet40|Any CPU.Build.0 = Release|Any CPU
		{B20B797D-67FA-4A46-945E-59390D6C0A36}.ReleaseNet40|x86.ActiveCfg = Release|Any CPU
		{B20B797D-67FA-4A46-945E-59390D6C0A36}.ReleaseNet40|x86.Build.0 = Release|Any CPU
	EndGlobalSection
	GlobalSection(SolutionProperties) = preSolution
		HideSolutionNode = FALSE
	EndGlobalSection
	GlobalSection(NestedProjects) = preSolution
		{D207FDA6-9F22-4A8A-96BE-291898ABDB1A} = {B08A46E0-919B-4D9C-8A02-44739A86D95A}
		{06719DEF-5D99-4628-B35B-AE25C0BEE420} = {B08A46E0-919B-4D9C-8A02-44739A86D95A}
		{AA047347-0EA2-4584-817E-290F32278063} = {B08A46E0-919B-4D9C-8A02-44739A86D95A}
		{DA5EA236-D253-4373-A9E7-5DA788ECD2A4} = {E4EB8AD4-EB76-4B12-A899-228E5887DB13}
		{27E80A50-B96E-4872-A433-33B5DF298F12} = {E4EB8AD4-EB76-4B12-A899-228E5887DB13}
		{3D1BDD10-5FA5-4F4B-B3BB-DD8310369CC0} = {DA5EA236-D253-4373-A9E7-5DA788ECD2A4}
		{1E3DA3EF-FCF8-4392-9B9E-0FBB2CAB8550} = {DA5EA236-D253-4373-A9E7-5DA788ECD2A4}
		{0E52DB8C-AFDA-4A2C-BBE8-25AD069867D2} = {DA5EA236-D253-4373-A9E7-5DA788ECD2A4}
		{99F3696A-D102-4D1F-9677-1CE95CA4B602} = {96A23843-9E56-42CB-A360-6966C7126B48}
		{7A3897D9-2B75-405E-AF99-C0F74FB940A4} = {99F3696A-D102-4D1F-9677-1CE95CA4B602}
		{84AEAB7F-41E1-4E51-973D-251BCD6AE209} = {99F3696A-D102-4D1F-9677-1CE95CA4B602}
		{4F7EEA75-54A8-4C5A-BF23-AA63C202A69B} = {CA6F65E5-6D98-42D6-8447-5DC284D7BA49}
		{F3D971F2-5DDF-4336-86B9-463EB826E1FC} = {7A3897D9-2B75-405E-AF99-C0F74FB940A4}
		{F6BA3E59-17EA-4B55-95D5-02487E6797F2} = {3203FB73-5B23-4D29-9337-588F1A9530AA}
		{AA05FFC1-FC12-490A-B7BF-5FD5C73D0F02} = {E4EB8AD4-EB76-4B12-A899-228E5887DB13}
		{139BB9FD-A06F-42F4-AADF-0975B5CB6487} = {E4EB8AD4-EB76-4B12-A899-228E5887DB13}
		{0148A6D2-BC3A-4E1C-955C-0EBD9A5C27EF} = {84AEAB7F-41E1-4E51-973D-251BCD6AE209}
		{D28D4E1C-E44E-4F44-BA9F-0B541EB22673} = {27E80A50-B96E-4872-A433-33B5DF298F12}
		{85B452CC-7960-4021-AA1F-CFADDCBF7D27} = {27E80A50-B96E-4872-A433-33B5DF298F12}
		{C90F9213-25E9-42A1-AFCA-D52FD449C86E} = {AA05FFC1-FC12-490A-B7BF-5FD5C73D0F02}
		{4281C850-7C68-4F0B-B250-F10FD6BF3D5D} = {84AEAB7F-41E1-4E51-973D-251BCD6AE209}
		{90D86B4A-1E21-4936-A5BB-0ACD4014A48A} = {84AEAB7F-41E1-4E51-973D-251BCD6AE209}
		{2B2DBD92-8C25-460A-88CA-388233886353} = {E4EB8AD4-EB76-4B12-A899-228E5887DB13}
		{81A9BD9E-694A-44E0-80F7-B00D0CAB682D} = {E4EB8AD4-EB76-4B12-A899-228E5887DB13}
		{6CFEC350-7DC2-4058-A1D1-21D2ECAEDBE7} = {2B2DBD92-8C25-460A-88CA-388233886353}
		{57DAB894-0D9B-4298-BA9F-92545A0F9570} = {139BB9FD-A06F-42F4-AADF-0975B5CB6487}
		{4AAE0AB2-1FAC-4DCA-B08A-F056AD065738} = {139BB9FD-A06F-42F4-AADF-0975B5CB6487}
		{7A5F5593-6FF1-444C-9F69-3E5D800CE0A6} = {AA05FFC1-FC12-490A-B7BF-5FD5C73D0F02}
		{75626FE1-36A6-411F-B3C1-3DDFC69004EE} = {AA05FFC1-FC12-490A-B7BF-5FD5C73D0F02}
		{5D782156-44BD-4D4F-831D-4463C3C4EEEC} = {81A9BD9E-694A-44E0-80F7-B00D0CAB682D}
		{08500D7D-6B62-406A-A1A2-A470343219B3} = {6CFEC350-7DC2-4058-A1D1-21D2ECAEDBE7}
		{F21BF8B6-A8D2-4AFE-8946-66D01B854AF7} = {CA6F65E5-6D98-42D6-8447-5DC284D7BA49}
		{56300FBE-68D5-4C20-83B6-A4A1CE407E95} = {84AEAB7F-41E1-4E51-973D-251BCD6AE209}
		{1EA804EA-0225-46B4-AD1B-E56CB5E69055} = {27E80A50-B96E-4872-A433-33B5DF298F12}
		{54CF43CF-D8F4-46DD-8D88-DB501A729FF7} = {AA05FFC1-FC12-490A-B7BF-5FD5C73D0F02}
		{9461BE6D-19AE-4333-AF5C-FA04959EDE14} = {AA05FFC1-FC12-490A-B7BF-5FD5C73D0F02}
		{72ABDBEF-333F-479B-9806-EC1302B70379} = {139BB9FD-A06F-42F4-AADF-0975B5CB6487}
		{A4622141-DEE9-43C2-9520-6DB548C92DC8} = {139BB9FD-A06F-42F4-AADF-0975B5CB6487}
		{ACB52FD6-C4FD-4D2A-846E-2B1CB750AA05} = {B08A46E0-919B-4D9C-8A02-44739A86D95A}
		{B20B797D-67FA-4A46-945E-59390D6C0A36} = {7A3897D9-2B75-405E-AF99-C0F74FB940A4}
	EndGlobalSection
	GlobalSection(ExtensibilityGlobals) = postSolution
		SolutionGuid = {024FAABE-157C-4ECB-90CF-D6D2F58FB7C5}
	EndGlobalSection
	GlobalSection(SubversionScc) = preSolution
		Svn-Managed = True
		Manager = AnkhSVN - Subversion Support for Visual Studio
	EndGlobalSection
EndGlobal
