
Microsoft Visual Studio Solution File, Format Version 12.00
# Visual Studio 15
VisualStudioVersion = 15.0.28010.2046
MinimumVisualStudioVersion = 10.0.40219.1
Project("{FAE04EC0-301F-11D3-BF4B-00C04F79EFBC}") = "OPCDAAutoTest", "OPCDAAutoTest\OPCDAAutoTest.csproj", "{ADC46EC2-E300-4D7E-A4F9-3C938F61911D}"
EndProject
Global
	GlobalSection(SolutionConfigurationPlatforms) = preSolution
		Debug|Any CPU = Debug|Any CPU
		Release|Any CPU = Release|Any CPU
	EndGlobalSection
	GlobalSection(ProjectConfigurationPlatforms) = postSolution
		{ADC46EC2-E300-4D7E-A4F9-3C938F61911D}.Debug|Any CPU.ActiveCfg = Debug|Any CPU
		{ADC46EC2-E300-4D7E-A4F9-3C938F61911D}.Debug|Any CPU.Build.0 = Debug|Any CPU
		{ADC46EC2-E300-4D7E-A4F9-3C938F61911D}.Release|Any CPU.ActiveCfg = Release|Any CPU
		{ADC46EC2-E300-4D7E-A4F9-3C938F61911D}.Release|Any CPU.Build.0 = Release|Any CPU
	EndGlobalSection
	GlobalSection(SolutionProperties) = preSolution
		HideSolutionNode = FALSE
	EndGlobalSection
	GlobalSection(ExtensibilityGlobals) = postSolution
		SolutionGuid = {7689CEBD-850D-45BC-B2A3-CF3B63DCC1D3}
	EndGlobalSection
EndGlobal
